// !$*UTF8*$!
{
	archiveVersion = 1;
	classes = {
	};
	objectVersion = 46;
	objects = {

/* Begin PBXBuildFile section */
		0546D1A38E13BD319CC9755B /* OscReceivedElements.cpp in Sources */ = {isa = PBXBuildFile; fileRef = 9BF3AA0D4FAA89D0F8A0E545 /* OscReceivedElements.cpp */; };
		106D661542619CFF59CC1591 /* ofxMocapEvents.cpp in Sources */ = {isa = PBXBuildFile; fileRef = 6B8A637A273E11A4AEEBBCE3 /* ofxMocapEvents.cpp */; };
		2ACF4F301C3E54A5005B2756 /* ofxBaseGui.cpp in Sources */ = {isa = PBXBuildFile; fileRef = 2ACF4F1F1C3E54A5005B2756 /* ofxBaseGui.cpp */; };
		2ACF4F311C3E54A5005B2756 /* ofxButton.cpp in Sources */ = {isa = PBXBuildFile; fileRef = 2ACF4F211C3E54A5005B2756 /* ofxButton.cpp */; };
		2ACF4F321C3E54A5005B2756 /* ofxGuiGroup.cpp in Sources */ = {isa = PBXBuildFile; fileRef = 2ACF4F241C3E54A5005B2756 /* ofxGuiGroup.cpp */; };
		2ACF4F331C3E54A5005B2756 /* ofxLabel.cpp in Sources */ = {isa = PBXBuildFile; fileRef = 2ACF4F261C3E54A5005B2756 /* ofxLabel.cpp */; };
		2ACF4F341C3E54A5005B2756 /* ofxPanel.cpp in Sources */ = {isa = PBXBuildFile; fileRef = 2ACF4F281C3E54A5005B2756 /* ofxPanel.cpp */; };
		2ACF4F351C3E54A5005B2756 /* ofxSlider.cpp in Sources */ = {isa = PBXBuildFile; fileRef = 2ACF4F2A1C3E54A5005B2756 /* ofxSlider.cpp */; };
		2ACF4F361C3E54A5005B2756 /* ofxSliderGroup.cpp in Sources */ = {isa = PBXBuildFile; fileRef = 2ACF4F2C1C3E54A5005B2756 /* ofxSliderGroup.cpp */; };
		2ACF4F371C3E54A5005B2756 /* ofxToggle.cpp in Sources */ = {isa = PBXBuildFile; fileRef = 2ACF4F2E1C3E54A5005B2756 /* ofxToggle.cpp */; };
		4ADB88E2FB52E76A471065DE /* ofxOscParameterSync.cpp in Sources */ = {isa = PBXBuildFile; fileRef = 0AED834CE4DEC5260AF302A2 /* ofxOscParameterSync.cpp */; };
		510CAFE035E576A4E1502D52 /* UdpSocket.cpp in Sources */ = {isa = PBXBuildFile; fileRef = E6DEF695B88BA5FAACEAA937 /* UdpSocket.cpp */; };
		5864AD82E20F15536D054EA3 /* ofxOscMessage.cpp in Sources */ = {isa = PBXBuildFile; fileRef = DF49D76C45D5DB505A234880 /* ofxOscMessage.cpp */; };
		62545D179C94265CA1389D4A /* OscOutboundPacketStream.cpp in Sources */ = {isa = PBXBuildFile; fileRef = 63A47AC60FFAFC3BF093EC0F /* OscOutboundPacketStream.cpp */; };
		640279EE111671BD026CB013 /* ofxOscReceiver.cpp in Sources */ = {isa = PBXBuildFile; fileRef = C2FAC65C491D4231379F3298 /* ofxOscReceiver.cpp */; };
		67FE4C7B15C2F0478C8126C2 /* NetworkingUtils.cpp in Sources */ = {isa = PBXBuildFile; fileRef = 3B361208CD4107E479F04E7B /* NetworkingUtils.cpp */; };
		72A929D3561B8232A182ABFC /* ofxOscBundle.cpp in Sources */ = {isa = PBXBuildFile; fileRef = 65EEFA3DA3526E9CDD9C21F9 /* ofxOscBundle.cpp */; };
		879A251454401BC0B6E4F238 /* OscTypes.cpp in Sources */ = {isa = PBXBuildFile; fileRef = D9BFFBBF4CC43DEE890B3C3E /* OscTypes.cpp */; };
		8F5205AEF8861EF234F0651A /* ofxOscSender.cpp in Sources */ = {isa = PBXBuildFile; fileRef = 81967292BFC87A0144BD32C6 /* ofxOscSender.cpp */; };
		9F8A3AA91C3EB44B0071A16C /* ofxOpenNI.cpp in Sources */ = {isa = PBXBuildFile; fileRef = 9F8A3AA41C3EB44B0071A16C /* ofxOpenNI.cpp */; };
		9F8A3AAA1C3EB44B0071A16C /* ofxOpenNITypes.cpp in Sources */ = {isa = PBXBuildFile; fileRef = 9F8A3AA61C3EB44B0071A16C /* ofxOpenNITypes.cpp */; };
		9F8A3AAF1C3EB86B0071A16C /* PMMotionExtractor.cpp in Sources */ = {isa = PBXBuildFile; fileRef = 9F8A3AAD1C3EB86B0071A16C /* PMMotionExtractor.cpp */; };
		9F8A3AE01C3EBE3B0071A16C /* libnimCodecs.dylib in Frameworks */ = {isa = PBXBuildFile; fileRef = 9F8A3AD21C3EBE3B0071A16C /* libnimCodecs.dylib */; };
		9F8A3AE11C3EBE3B0071A16C /* libnimMockNodes.dylib in Frameworks */ = {isa = PBXBuildFile; fileRef = 9F8A3AD31C3EBE3B0071A16C /* libnimMockNodes.dylib */; };
		9F8A3AE21C3EBE3B0071A16C /* libnimRecorder.dylib in Frameworks */ = {isa = PBXBuildFile; fileRef = 9F8A3AD41C3EBE3B0071A16C /* libnimRecorder.dylib */; };
		9F8A3AE31C3EBE3B0071A16C /* libOpenNI.dylib in Frameworks */ = {isa = PBXBuildFile; fileRef = 9F8A3AD51C3EBE3B0071A16C /* libOpenNI.dylib */; };
		9F8A3AE41C3EBE3B0071A16C /* libusb-1.0.0.dylib in Frameworks */ = {isa = PBXBuildFile; fileRef = 9F8A3AD61C3EBE3B0071A16C /* libusb-1.0.0.dylib */; };
		9F8A3AE51C3EBE3B0071A16C /* libXnCore.dylib in Frameworks */ = {isa = PBXBuildFile; fileRef = 9F8A3AD71C3EBE3B0071A16C /* libXnCore.dylib */; };
		9F8A3AE61C3EBE3B0071A16C /* libXnDDK.dylib in Frameworks */ = {isa = PBXBuildFile; fileRef = 9F8A3AD81C3EBE3B0071A16C /* libXnDDK.dylib */; };
		9F8A3AE71C3EBE3B0071A16C /* libXnDeviceFile.dylib in Frameworks */ = {isa = PBXBuildFile; fileRef = 9F8A3AD91C3EBE3B0071A16C /* libXnDeviceFile.dylib */; };
		9F8A3AE81C3EBE3B0071A16C /* libXnDeviceSensorV2KM.dylib in Frameworks */ = {isa = PBXBuildFile; fileRef = 9F8A3ADA1C3EBE3B0071A16C /* libXnDeviceSensorV2KM.dylib */; };
		9F8A3AE91C3EBE3B0071A16C /* libXnFormats.dylib in Frameworks */ = {isa = PBXBuildFile; fileRef = 9F8A3ADB1C3EBE3B0071A16C /* libXnFormats.dylib */; };
		9F8A3AEA1C3EBE3B0071A16C /* libXnVCNITE_1_5_2.dylib in Frameworks */ = {isa = PBXBuildFile; fileRef = 9F8A3ADC1C3EBE3B0071A16C /* libXnVCNITE_1_5_2.dylib */; };
		9F8A3AEB1C3EBE3B0071A16C /* libXnVFeatures_1_5_2.dylib in Frameworks */ = {isa = PBXBuildFile; fileRef = 9F8A3ADD1C3EBE3B0071A16C /* libXnVFeatures_1_5_2.dylib */; };
		9F8A3AEC1C3EBE3B0071A16C /* libXnVHandGenerator_1_5_2.dylib in Frameworks */ = {isa = PBXBuildFile; fileRef = 9F8A3ADE1C3EBE3B0071A16C /* libXnVHandGenerator_1_5_2.dylib */; };
		9F8A3AED1C3EBE3B0071A16C /* libXnVNite_1_5_2.dylib in Frameworks */ = {isa = PBXBuildFile; fileRef = 9F8A3ADF1C3EBE3B0071A16C /* libXnVNite_1_5_2.dylib */; };
		ADE367465D2A8EBAD4C7A8D9 /* IpEndpointName.cpp in Sources */ = {isa = PBXBuildFile; fileRef = ADD194746185E2DA11468377 /* IpEndpointName.cpp */; };
		C4782ECC372420ACE0615B74 /* OscPrintReceivedElements.cpp in Sources */ = {isa = PBXBuildFile; fileRef = BC8881B3C8C0A1C45F042E7A /* OscPrintReceivedElements.cpp */; };
		CB81E90445B5A2738B94DE24 /* ofxMocapElement.cpp in Sources */ = {isa = PBXBuildFile; fileRef = DB8DDCD3AD97561D1DEA08CB /* ofxMocapElement.cpp */; };
		E4328149138ABC9F0047C5CB /* openFrameworksDebug.a in Frameworks */ = {isa = PBXBuildFile; fileRef = E4328148138ABC890047C5CB /* openFrameworksDebug.a */; };
		E4B69E200A3A1BDC003C02F2 /* main.cpp in Sources */ = {isa = PBXBuildFile; fileRef = E4B69E1D0A3A1BDC003C02F2 /* main.cpp */; };
		E4B69E210A3A1BDC003C02F2 /* ofApp.cpp in Sources */ = {isa = PBXBuildFile; fileRef = E4B69E1E0A3A1BDC003C02F2 /* ofApp.cpp */; };
		EC67EFAE257EDF0230E94783 /* ofxKinectFeatures.cpp in Sources */ = {isa = PBXBuildFile; fileRef = 14E721B1C17BBDBA91CB9507 /* ofxKinectFeatures.cpp */; };
/* End PBXBuildFile section */

/* Begin PBXContainerItemProxy section */
		E4328147138ABC890047C5CB /* PBXContainerItemProxy */ = {
			isa = PBXContainerItemProxy;
			containerPortal = E4328143138ABC890047C5CB /* openFrameworksLib.xcodeproj */;
			proxyType = 2;
			remoteGlobalIDString = E4B27C1510CBEB8E00536013;
			remoteInfo = openFrameworks;
		};
		E4EEB9AB138B136A00A80321 /* PBXContainerItemProxy */ = {
			isa = PBXContainerItemProxy;
			containerPortal = E4328143138ABC890047C5CB /* openFrameworksLib.xcodeproj */;
			proxyType = 1;
			remoteGlobalIDString = E4B27C1410CBEB8E00536013;
			remoteInfo = openFrameworks;
		};
/* End PBXContainerItemProxy section */

/* Begin PBXCopyFilesBuildPhase section */
		E4C2427710CC5ABF004149E2 /* CopyFiles */ = {
			isa = PBXCopyFilesBuildPhase;
			buildActionMask = 2147483647;
			dstPath = "";
			dstSubfolderSpec = 10;
			files = (
			);
			runOnlyForDeploymentPostprocessing = 0;
		};
/* End PBXCopyFilesBuildPhase section */

/* Begin PBXFileReference section */
		00D6D32B84B099226431108C /* ofxOsc.h */ = {isa = PBXFileReference; explicitFileType = sourcecode.c.h; fileEncoding = 30; name = ofxOsc.h; path = ../../../addons/ofxOsc/src/ofxOsc.h; sourceTree = SOURCE_ROOT; };
		029684CF678F70F6D3537A29 /* OscOutboundPacketStream.h */ = {isa = PBXFileReference; explicitFileType = sourcecode.c.h; fileEncoding = 30; name = OscOutboundPacketStream.h; path = ../../../addons/ofxOsc/libs/oscpack/src/osc/OscOutboundPacketStream.h; sourceTree = SOURCE_ROOT; };
		0AED834CE4DEC5260AF302A2 /* ofxOscParameterSync.cpp */ = {isa = PBXFileReference; explicitFileType = sourcecode.cpp.cpp; fileEncoding = 30; name = ofxOscParameterSync.cpp; path = ../../../addons/ofxOsc/src/ofxOscParameterSync.cpp; sourceTree = SOURCE_ROOT; };
		14E721B1C17BBDBA91CB9507 /* ofxKinectFeatures.cpp */ = {isa = PBXFileReference; explicitFileType = sourcecode.cpp.cpp; fileEncoding = 30; name = ofxKinectFeatures.cpp; path = "../../../addons/ofxKinectFeatures-PM/src/ofxKinectFeatures.cpp"; sourceTree = SOURCE_ROOT; };
		1C484AF63407A9C6A97E59FC /* ofxMocapEvents.h */ = {isa = PBXFileReference; explicitFileType = sourcecode.c.h; fileEncoding = 30; name = ofxMocapEvents.h; path = "../../../addons/ofxKinectFeatures-PM/src/ofxMocapEvents.h"; sourceTree = SOURCE_ROOT; };
		20F35AFADAF0068B067E713F /* OscReceivedElements.h */ = {isa = PBXFileReference; explicitFileType = sourcecode.c.h; fileEncoding = 30; name = OscReceivedElements.h; path = ../../../addons/ofxOsc/libs/oscpack/src/osc/OscReceivedElements.h; sourceTree = SOURCE_ROOT; };
		21476F6B6800DF107C2B37A3 /* Defaults.h */ = {isa = PBXFileReference; fileEncoding = 4; lastKnownFileType = sourcecode.c.h; path = Defaults.h; sourceTree = "<group>"; };
		23640F57DF6C4BB6BFC5DA4C /* PacketListener.h */ = {isa = PBXFileReference; explicitFileType = sourcecode.c.h; fileEncoding = 30; name = PacketListener.h; path = ../../../addons/ofxOsc/libs/oscpack/src/ip/PacketListener.h; sourceTree = SOURCE_ROOT; };
		25B613DAA6A4EDDDA72E6BA2 /* ofxMocapElement.h */ = {isa = PBXFileReference; explicitFileType = sourcecode.c.h; fileEncoding = 30; name = ofxMocapElement.h; path = "../../../addons/ofxKinectFeatures-PM/src/ofxMocapElement.h"; sourceTree = SOURCE_ROOT; };
		2ACF4F1F1C3E54A5005B2756 /* ofxBaseGui.cpp */ = {isa = PBXFileReference; lastKnownFileType = sourcecode.cpp.cpp; path = ofxBaseGui.cpp; sourceTree = "<group>"; };
		2ACF4F201C3E54A5005B2756 /* ofxBaseGui.h */ = {isa = PBXFileReference; lastKnownFileType = sourcecode.c.h; path = ofxBaseGui.h; sourceTree = "<group>"; };
		2ACF4F211C3E54A5005B2756 /* ofxButton.cpp */ = {isa = PBXFileReference; lastKnownFileType = sourcecode.cpp.cpp; path = ofxButton.cpp; sourceTree = "<group>"; };
		2ACF4F221C3E54A5005B2756 /* ofxButton.h */ = {isa = PBXFileReference; lastKnownFileType = sourcecode.c.h; path = ofxButton.h; sourceTree = "<group>"; };
		2ACF4F231C3E54A5005B2756 /* ofxGui.h */ = {isa = PBXFileReference; lastKnownFileType = sourcecode.c.h; path = ofxGui.h; sourceTree = "<group>"; };
		2ACF4F241C3E54A5005B2756 /* ofxGuiGroup.cpp */ = {isa = PBXFileReference; lastKnownFileType = sourcecode.cpp.cpp; path = ofxGuiGroup.cpp; sourceTree = "<group>"; };
		2ACF4F251C3E54A5005B2756 /* ofxGuiGroup.h */ = {isa = PBXFileReference; lastKnownFileType = sourcecode.c.h; path = ofxGuiGroup.h; sourceTree = "<group>"; };
		2ACF4F261C3E54A5005B2756 /* ofxLabel.cpp */ = {isa = PBXFileReference; lastKnownFileType = sourcecode.cpp.cpp; path = ofxLabel.cpp; sourceTree = "<group>"; };
		2ACF4F271C3E54A5005B2756 /* ofxLabel.h */ = {isa = PBXFileReference; lastKnownFileType = sourcecode.c.h; path = ofxLabel.h; sourceTree = "<group>"; };
		2ACF4F281C3E54A5005B2756 /* ofxPanel.cpp */ = {isa = PBXFileReference; lastKnownFileType = sourcecode.cpp.cpp; path = ofxPanel.cpp; sourceTree = "<group>"; };
		2ACF4F291C3E54A5005B2756 /* ofxPanel.h */ = {isa = PBXFileReference; lastKnownFileType = sourcecode.c.h; path = ofxPanel.h; sourceTree = "<group>"; };
		2ACF4F2A1C3E54A5005B2756 /* ofxSlider.cpp */ = {isa = PBXFileReference; lastKnownFileType = sourcecode.cpp.cpp; path = ofxSlider.cpp; sourceTree = "<group>"; };
		2ACF4F2B1C3E54A5005B2756 /* ofxSlider.h */ = {isa = PBXFileReference; lastKnownFileType = sourcecode.c.h; path = ofxSlider.h; sourceTree = "<group>"; };
		2ACF4F2C1C3E54A5005B2756 /* ofxSliderGroup.cpp */ = {isa = PBXFileReference; lastKnownFileType = sourcecode.cpp.cpp; path = ofxSliderGroup.cpp; sourceTree = "<group>"; };
		2ACF4F2D1C3E54A5005B2756 /* ofxSliderGroup.h */ = {isa = PBXFileReference; lastKnownFileType = sourcecode.c.h; path = ofxSliderGroup.h; sourceTree = "<group>"; };
		2ACF4F2E1C3E54A5005B2756 /* ofxToggle.cpp */ = {isa = PBXFileReference; lastKnownFileType = sourcecode.cpp.cpp; path = ofxToggle.cpp; sourceTree = "<group>"; };
		2ACF4F2F1C3E54A5005B2756 /* ofxToggle.h */ = {isa = PBXFileReference; lastKnownFileType = sourcecode.c.h; path = ofxToggle.h; sourceTree = "<group>"; };
		2AFC96251C3E604100F8A122 /* Shared */ = {isa = PBXFileReference; lastKnownFileType = folder; name = Shared; path = ../../Shared; sourceTree = "<group>"; };
		2FD4B0329909D3527F003494 /* UdpSocket.h */ = {isa = PBXFileReference; explicitFileType = sourcecode.c.h; fileEncoding = 30; name = UdpSocket.h; path = ../../../addons/ofxOsc/libs/oscpack/src/ip/UdpSocket.h; sourceTree = SOURCE_ROOT; };
		3B361208CD4107E479F04E7B /* NetworkingUtils.cpp */ = {isa = PBXFileReference; explicitFileType = sourcecode.cpp.cpp; fileEncoding = 30; name = NetworkingUtils.cpp; path = ../../../addons/ofxOsc/libs/oscpack/src/ip/posix/NetworkingUtils.cpp; sourceTree = SOURCE_ROOT; };
		444657A12E59D0ED86981498 /* TimerListener.h */ = {isa = PBXFileReference; explicitFileType = sourcecode.c.h; fileEncoding = 30; name = TimerListener.h; path = ../../../addons/ofxOsc/libs/oscpack/src/ip/TimerListener.h; sourceTree = SOURCE_ROOT; };
		48974F980F51769171D0B2F5 /* IpEndpointName.h */ = {isa = PBXFileReference; explicitFileType = sourcecode.c.h; fileEncoding = 30; name = IpEndpointName.h; path = ../../../addons/ofxOsc/libs/oscpack/src/ip/IpEndpointName.h; sourceTree = SOURCE_ROOT; };
		4E95FB446A9C9C6F0DE12D75 /* OscPrintReceivedElements.h */ = {isa = PBXFileReference; explicitFileType = sourcecode.c.h; fileEncoding = 30; name = OscPrintReceivedElements.h; path = ../../../addons/ofxOsc/libs/oscpack/src/osc/OscPrintReceivedElements.h; sourceTree = SOURCE_ROOT; };
		4FD59FCC5BFF96B25AF4A116 /* ofxKinectFeatures.h */ = {isa = PBXFileReference; explicitFileType = sourcecode.c.h; fileEncoding = 30; name = ofxKinectFeatures.h; path = "../../../addons/ofxKinectFeatures-PM/src/ofxKinectFeatures.h"; sourceTree = SOURCE_ROOT; };
		63A47AC60FFAFC3BF093EC0F /* OscOutboundPacketStream.cpp */ = {isa = PBXFileReference; explicitFileType = sourcecode.cpp.cpp; fileEncoding = 30; name = OscOutboundPacketStream.cpp; path = ../../../addons/ofxOsc/libs/oscpack/src/osc/OscOutboundPacketStream.cpp; sourceTree = SOURCE_ROOT; };
		65EEFA3DA3526E9CDD9C21F9 /* ofxOscBundle.cpp */ = {isa = PBXFileReference; explicitFileType = sourcecode.cpp.cpp; fileEncoding = 30; name = ofxOscBundle.cpp; path = ../../../addons/ofxOsc/src/ofxOscBundle.cpp; sourceTree = SOURCE_ROOT; };
		6B65E6930994CC4B2D2B8B33 /* OscPacketListener.h */ = {isa = PBXFileReference; explicitFileType = sourcecode.c.h; fileEncoding = 30; name = OscPacketListener.h; path = ../../../addons/ofxOsc/libs/oscpack/src/osc/OscPacketListener.h; sourceTree = SOURCE_ROOT; };
		6B8A637A273E11A4AEEBBCE3 /* ofxMocapEvents.cpp */ = {isa = PBXFileReference; explicitFileType = sourcecode.cpp.cpp; fileEncoding = 30; name = ofxMocapEvents.cpp; path = "../../../addons/ofxKinectFeatures-PM/src/ofxMocapEvents.cpp"; sourceTree = SOURCE_ROOT; };
		7689F8A0F3D0B7635A8C3104 /* ofxOscArg.h */ = {isa = PBXFileReference; explicitFileType = sourcecode.c.h; fileEncoding = 30; name = ofxOscArg.h; path = ../../../addons/ofxOsc/src/ofxOscArg.h; sourceTree = SOURCE_ROOT; };
		81967292BFC87A0144BD32C6 /* ofxOscSender.cpp */ = {isa = PBXFileReference; explicitFileType = sourcecode.cpp.cpp; fileEncoding = 30; name = ofxOscSender.cpp; path = ../../../addons/ofxOsc/src/ofxOscSender.cpp; sourceTree = SOURCE_ROOT; };
		8B30E93FD3D3475EED522A0E /* ofxOscBundle.h */ = {isa = PBXFileReference; explicitFileType = sourcecode.c.h; fileEncoding = 30; name = ofxOscBundle.h; path = ../../../addons/ofxOsc/src/ofxOscBundle.h; sourceTree = SOURCE_ROOT; };
		8C75AFC8774A62495DD53464 /* ofxOscReceiver.h */ = {isa = PBXFileReference; explicitFileType = sourcecode.c.h; fileEncoding = 30; name = ofxOscReceiver.h; path = ../../../addons/ofxOsc/src/ofxOscReceiver.h; sourceTree = SOURCE_ROOT; };
		9BF3AA0D4FAA89D0F8A0E545 /* OscReceivedElements.cpp */ = {isa = PBXFileReference; explicitFileType = sourcecode.cpp.cpp; fileEncoding = 30; name = OscReceivedElements.cpp; path = ../../../addons/ofxOsc/libs/oscpack/src/osc/OscReceivedElements.cpp; sourceTree = SOURCE_ROOT; };
		9F7986DC4EB05E75FCE2C777 /* ofxOscSender.h */ = {isa = PBXFileReference; explicitFileType = sourcecode.c.h; fileEncoding = 30; name = ofxOscSender.h; path = ../../../addons/ofxOsc/src/ofxOscSender.h; sourceTree = SOURCE_ROOT; };
		9F8A3AA41C3EB44B0071A16C /* ofxOpenNI.cpp */ = {isa = PBXFileReference; lastKnownFileType = sourcecode.cpp.cpp; path = ofxOpenNI.cpp; sourceTree = "<group>"; };
		9F8A3AA51C3EB44B0071A16C /* ofxOpenNI.h */ = {isa = PBXFileReference; lastKnownFileType = sourcecode.c.h; path = ofxOpenNI.h; sourceTree = "<group>"; };
		9F8A3AA61C3EB44B0071A16C /* ofxOpenNITypes.cpp */ = {isa = PBXFileReference; lastKnownFileType = sourcecode.cpp.cpp; path = ofxOpenNITypes.cpp; sourceTree = "<group>"; };
		9F8A3AA71C3EB44B0071A16C /* ofxOpenNITypes.h */ = {isa = PBXFileReference; lastKnownFileType = sourcecode.c.h; path = ofxOpenNITypes.h; sourceTree = "<group>"; };
		9F8A3AA81C3EB44B0071A16C /* ofxOpenNIUtils.h */ = {isa = PBXFileReference; lastKnownFileType = sourcecode.c.h; path = ofxOpenNIUtils.h; sourceTree = "<group>"; };
		9F8A3AAD1C3EB86B0071A16C /* PMMotionExtractor.cpp */ = {isa = PBXFileReference; fileEncoding = 4; lastKnownFileType = sourcecode.cpp.cpp; path = PMMotionExtractor.cpp; sourceTree = "<group>"; };
		9F8A3AAE1C3EB86B0071A16C /* PMMotionExtractor.hpp */ = {isa = PBXFileReference; fileEncoding = 4; lastKnownFileType = sourcecode.cpp.h; path = PMMotionExtractor.hpp; sourceTree = "<group>"; };
		9F8A3AD21C3EBE3B0071A16C /* libnimCodecs.dylib */ = {isa = PBXFileReference; lastKnownFileType = "compiled.mach-o.dylib"; name = libnimCodecs.dylib; path = bin/data/openni/lib/libnimCodecs.dylib; sourceTree = "<group>"; };
		9F8A3AD31C3EBE3B0071A16C /* libnimMockNodes.dylib */ = {isa = PBXFileReference; lastKnownFileType = "compiled.mach-o.dylib"; name = libnimMockNodes.dylib; path = bin/data/openni/lib/libnimMockNodes.dylib; sourceTree = "<group>"; };
		9F8A3AD41C3EBE3B0071A16C /* libnimRecorder.dylib */ = {isa = PBXFileReference; lastKnownFileType = "compiled.mach-o.dylib"; name = libnimRecorder.dylib; path = bin/data/openni/lib/libnimRecorder.dylib; sourceTree = "<group>"; };
		9F8A3AD51C3EBE3B0071A16C /* libOpenNI.dylib */ = {isa = PBXFileReference; lastKnownFileType = "compiled.mach-o.dylib"; name = libOpenNI.dylib; path = bin/data/openni/lib/libOpenNI.dylib; sourceTree = "<group>"; };
		9F8A3AD61C3EBE3B0071A16C /* libusb-1.0.0.dylib */ = {isa = PBXFileReference; lastKnownFileType = "compiled.mach-o.dylib"; name = "libusb-1.0.0.dylib"; path = "bin/data/openni/lib/libusb-1.0.0.dylib"; sourceTree = "<group>"; };
		9F8A3AD71C3EBE3B0071A16C /* libXnCore.dylib */ = {isa = PBXFileReference; lastKnownFileType = "compiled.mach-o.dylib"; name = libXnCore.dylib; path = bin/data/openni/lib/libXnCore.dylib; sourceTree = "<group>"; };
		9F8A3AD81C3EBE3B0071A16C /* libXnDDK.dylib */ = {isa = PBXFileReference; lastKnownFileType = "compiled.mach-o.dylib"; name = libXnDDK.dylib; path = bin/data/openni/lib/libXnDDK.dylib; sourceTree = "<group>"; };
		9F8A3AD91C3EBE3B0071A16C /* libXnDeviceFile.dylib */ = {isa = PBXFileReference; lastKnownFileType = "compiled.mach-o.dylib"; name = libXnDeviceFile.dylib; path = bin/data/openni/lib/libXnDeviceFile.dylib; sourceTree = "<group>"; };
		9F8A3ADA1C3EBE3B0071A16C /* libXnDeviceSensorV2KM.dylib */ = {isa = PBXFileReference; lastKnownFileType = "compiled.mach-o.dylib"; name = libXnDeviceSensorV2KM.dylib; path = bin/data/openni/lib/libXnDeviceSensorV2KM.dylib; sourceTree = "<group>"; };
		9F8A3ADB1C3EBE3B0071A16C /* libXnFormats.dylib */ = {isa = PBXFileReference; lastKnownFileType = "compiled.mach-o.dylib"; name = libXnFormats.dylib; path = bin/data/openni/lib/libXnFormats.dylib; sourceTree = "<group>"; };
		9F8A3ADC1C3EBE3B0071A16C /* libXnVCNITE_1_5_2.dylib */ = {isa = PBXFileReference; lastKnownFileType = "compiled.mach-o.dylib"; name = libXnVCNITE_1_5_2.dylib; path = bin/data/openni/lib/libXnVCNITE_1_5_2.dylib; sourceTree = "<group>"; };
		9F8A3ADD1C3EBE3B0071A16C /* libXnVFeatures_1_5_2.dylib */ = {isa = PBXFileReference; lastKnownFileType = "compiled.mach-o.dylib"; name = libXnVFeatures_1_5_2.dylib; path = bin/data/openni/lib/libXnVFeatures_1_5_2.dylib; sourceTree = "<group>"; };
		9F8A3ADE1C3EBE3B0071A16C /* libXnVHandGenerator_1_5_2.dylib */ = {isa = PBXFileReference; lastKnownFileType = "compiled.mach-o.dylib"; name = libXnVHandGenerator_1_5_2.dylib; path = bin/data/openni/lib/libXnVHandGenerator_1_5_2.dylib; sourceTree = "<group>"; };
		9F8A3ADF1C3EBE3B0071A16C /* libXnVNite_1_5_2.dylib */ = {isa = PBXFileReference; lastKnownFileType = "compiled.mach-o.dylib"; name = libXnVNite_1_5_2.dylib; path = bin/data/openni/lib/libXnVNite_1_5_2.dylib; sourceTree = "<group>"; };
		A2AAA8CA403479E6FCDF920E /* OscHostEndianness.h */ = {isa = PBXFileReference; explicitFileType = sourcecode.c.h; fileEncoding = 30; name = OscHostEndianness.h; path = ../../../addons/ofxOsc/libs/oscpack/src/osc/OscHostEndianness.h; sourceTree = SOURCE_ROOT; };
		ADD194746185E2DA11468377 /* IpEndpointName.cpp */ = {isa = PBXFileReference; explicitFileType = sourcecode.cpp.cpp; fileEncoding = 30; name = IpEndpointName.cpp; path = ../../../addons/ofxOsc/libs/oscpack/src/ip/IpEndpointName.cpp; sourceTree = SOURCE_ROOT; };
		AE335EB4709BFD4671EEAC84 /* MessageMappingOscPacketListener.h */ = {isa = PBXFileReference; explicitFileType = sourcecode.c.h; fileEncoding = 30; name = MessageMappingOscPacketListener.h; path = ../../../addons/ofxOsc/libs/oscpack/src/osc/MessageMappingOscPacketListener.h; sourceTree = SOURCE_ROOT; };
		B31C608870ECEB2490A93736 /* ofxOscParameterSync.h */ = {isa = PBXFileReference; explicitFileType = sourcecode.c.h; fileEncoding = 30; name = ofxOscParameterSync.h; path = ../../../addons/ofxOsc/src/ofxOscParameterSync.h; sourceTree = SOURCE_ROOT; };
		BC8881B3C8C0A1C45F042E7A /* OscPrintReceivedElements.cpp */ = {isa = PBXFileReference; explicitFileType = sourcecode.cpp.cpp; fileEncoding = 30; name = OscPrintReceivedElements.cpp; path = ../../../addons/ofxOsc/libs/oscpack/src/osc/OscPrintReceivedElements.cpp; sourceTree = SOURCE_ROOT; };
		C2FAC65C491D4231379F3298 /* ofxOscReceiver.cpp */ = {isa = PBXFileReference; explicitFileType = sourcecode.cpp.cpp; fileEncoding = 30; name = ofxOscReceiver.cpp; path = ../../../addons/ofxOsc/src/ofxOscReceiver.cpp; sourceTree = SOURCE_ROOT; };
		C58862C6D212C8E8A83810F4 /* ofxOscMessage.h */ = {isa = PBXFileReference; explicitFileType = sourcecode.c.h; fileEncoding = 30; name = ofxOscMessage.h; path = ../../../addons/ofxOsc/src/ofxOscMessage.h; sourceTree = SOURCE_ROOT; };
		C6937888E126BADC8777423B /* OscTypes.h */ = {isa = PBXFileReference; explicitFileType = sourcecode.c.h; fileEncoding = 30; name = OscTypes.h; path = ../../../addons/ofxOsc/libs/oscpack/src/osc/OscTypes.h; sourceTree = SOURCE_ROOT; };
		D9BFFBBF4CC43DEE890B3C3E /* OscTypes.cpp */ = {isa = PBXFileReference; explicitFileType = sourcecode.cpp.cpp; fileEncoding = 30; name = OscTypes.cpp; path = ../../../addons/ofxOsc/libs/oscpack/src/osc/OscTypes.cpp; sourceTree = SOURCE_ROOT; };
		DB8DDCD3AD97561D1DEA08CB /* ofxMocapElement.cpp */ = {isa = PBXFileReference; explicitFileType = sourcecode.cpp.cpp; fileEncoding = 30; name = ofxMocapElement.cpp; path = "../../../addons/ofxKinectFeatures-PM/src/ofxMocapElement.cpp"; sourceTree = SOURCE_ROOT; };
		DF49D76C45D5DB505A234880 /* ofxOscMessage.cpp */ = {isa = PBXFileReference; explicitFileType = sourcecode.cpp.cpp; fileEncoding = 30; name = ofxOscMessage.cpp; path = ../../../addons/ofxOsc/src/ofxOscMessage.cpp; sourceTree = SOURCE_ROOT; };
		E4328143138ABC890047C5CB /* openFrameworksLib.xcodeproj */ = {isa = PBXFileReference; lastKnownFileType = "wrapper.pb-project"; name = openFrameworksLib.xcodeproj; path = ../../../libs/openFrameworksCompiled/project/osx/openFrameworksLib.xcodeproj; sourceTree = SOURCE_ROOT; };
		E4B69B5B0A3A1756003C02F2 /* PedreraKinectSenderDebug.app */ = {isa = PBXFileReference; explicitFileType = wrapper.application; includeInIndex = 0; path = PedreraKinectSenderDebug.app; sourceTree = BUILT_PRODUCTS_DIR; };
		E4B69E1D0A3A1BDC003C02F2 /* main.cpp */ = {isa = PBXFileReference; fileEncoding = 30; lastKnownFileType = sourcecode.cpp.cpp; name = main.cpp; path = src/main.cpp; sourceTree = SOURCE_ROOT; };
		E4B69E1E0A3A1BDC003C02F2 /* ofApp.cpp */ = {isa = PBXFileReference; explicitFileType = sourcecode.cpp.cpp; fileEncoding = 30; name = ofApp.cpp; path = src/ofApp.cpp; sourceTree = SOURCE_ROOT; };
		E4B69E1F0A3A1BDC003C02F2 /* ofApp.h */ = {isa = PBXFileReference; fileEncoding = 30; lastKnownFileType = sourcecode.c.h; name = ofApp.h; path = src/ofApp.h; sourceTree = SOURCE_ROOT; };
		E4B6FCAD0C3E899E008CF71C /* openFrameworks-Info.plist */ = {isa = PBXFileReference; fileEncoding = 30; lastKnownFileType = text.plist.xml; path = "openFrameworks-Info.plist"; sourceTree = "<group>"; };
		E4EB691F138AFCF100A09F29 /* CoreOF.xcconfig */ = {isa = PBXFileReference; fileEncoding = 4; lastKnownFileType = text.xcconfig; name = CoreOF.xcconfig; path = ../../../libs/openFrameworksCompiled/project/osx/CoreOF.xcconfig; sourceTree = SOURCE_ROOT; };
		E4EB6923138AFD0F00A09F29 /* Project.xcconfig */ = {isa = PBXFileReference; fileEncoding = 4; lastKnownFileType = text.xcconfig; path = Project.xcconfig; sourceTree = "<group>"; };
		E6DEF695B88BA5FAACEAA937 /* UdpSocket.cpp */ = {isa = PBXFileReference; explicitFileType = sourcecode.cpp.cpp; fileEncoding = 30; name = UdpSocket.cpp; path = ../../../addons/ofxOsc/libs/oscpack/src/ip/posix/UdpSocket.cpp; sourceTree = SOURCE_ROOT; };
		F4F5B6B8BA2BD52C646ED908 /* OscException.h */ = {isa = PBXFileReference; explicitFileType = sourcecode.c.h; fileEncoding = 30; name = OscException.h; path = ../../../addons/ofxOsc/libs/oscpack/src/osc/OscException.h; sourceTree = SOURCE_ROOT; };
		F7FBC56859535E597B24BB91 /* NetworkingUtils.h */ = {isa = PBXFileReference; explicitFileType = sourcecode.c.h; fileEncoding = 30; name = NetworkingUtils.h; path = ../../../addons/ofxOsc/libs/oscpack/src/ip/NetworkingUtils.h; sourceTree = SOURCE_ROOT; };
/* End PBXFileReference section */

/* Begin PBXFrameworksBuildPhase section */
		E4B69B590A3A1756003C02F2 /* Frameworks */ = {
			isa = PBXFrameworksBuildPhase;
			buildActionMask = 2147483647;
			files = (
				E4328149138ABC9F0047C5CB /* openFrameworksDebug.a in Frameworks */,
				9F8A3AE01C3EBE3B0071A16C /* libnimCodecs.dylib in Frameworks */,
				9F8A3AE11C3EBE3B0071A16C /* libnimMockNodes.dylib in Frameworks */,
				9F8A3AE21C3EBE3B0071A16C /* libnimRecorder.dylib in Frameworks */,
				9F8A3AE31C3EBE3B0071A16C /* libOpenNI.dylib in Frameworks */,
				9F8A3AE41C3EBE3B0071A16C /* libusb-1.0.0.dylib in Frameworks */,
				9F8A3AE51C3EBE3B0071A16C /* libXnCore.dylib in Frameworks */,
				9F8A3AE61C3EBE3B0071A16C /* libXnDDK.dylib in Frameworks */,
				9F8A3AE71C3EBE3B0071A16C /* libXnDeviceFile.dylib in Frameworks */,
				9F8A3AE81C3EBE3B0071A16C /* libXnDeviceSensorV2KM.dylib in Frameworks */,
				9F8A3AE91C3EBE3B0071A16C /* libXnFormats.dylib in Frameworks */,
				9F8A3AEA1C3EBE3B0071A16C /* libXnVCNITE_1_5_2.dylib in Frameworks */,
				9F8A3AEB1C3EBE3B0071A16C /* libXnVFeatures_1_5_2.dylib in Frameworks */,
				9F8A3AEC1C3EBE3B0071A16C /* libXnVHandGenerator_1_5_2.dylib in Frameworks */,
				9F8A3AED1C3EBE3B0071A16C /* libXnVNite_1_5_2.dylib in Frameworks */,
			);
			runOnlyForDeploymentPostprocessing = 0;
		};
/* End PBXFrameworksBuildPhase section */

/* Begin PBXGroup section */
		2ABA0F509A1D41CC18336C93 /* ofxKinectFeatures-PM */ = {
			isa = PBXGroup;
			children = (
				9767E99043744D15B38FE1B2 /* src */,
			);
			name = "ofxKinectFeatures-PM";
			sourceTree = "<group>";
		};
		2ACF4F1D1C3E54A5005B2756 /* ofxGui */ = {
			isa = PBXGroup;
			children = (
				2ACF4F1E1C3E54A5005B2756 /* src */,
			);
			name = ofxGui;
			sourceTree = "<group>";
		};
		2ACF4F1E1C3E54A5005B2756 /* src */ = {
			isa = PBXGroup;
			children = (
				2ACF4F1F1C3E54A5005B2756 /* ofxBaseGui.cpp */,
				2ACF4F201C3E54A5005B2756 /* ofxBaseGui.h */,
				2ACF4F211C3E54A5005B2756 /* ofxButton.cpp */,
				2ACF4F221C3E54A5005B2756 /* ofxButton.h */,
				2ACF4F231C3E54A5005B2756 /* ofxGui.h */,
				2ACF4F241C3E54A5005B2756 /* ofxGuiGroup.cpp */,
				2ACF4F251C3E54A5005B2756 /* ofxGuiGroup.h */,
				2ACF4F261C3E54A5005B2756 /* ofxLabel.cpp */,
				2ACF4F271C3E54A5005B2756 /* ofxLabel.h */,
				2ACF4F281C3E54A5005B2756 /* ofxPanel.cpp */,
				2ACF4F291C3E54A5005B2756 /* ofxPanel.h */,
				2ACF4F2A1C3E54A5005B2756 /* ofxSlider.cpp */,
				2ACF4F2B1C3E54A5005B2756 /* ofxSlider.h */,
				2ACF4F2C1C3E54A5005B2756 /* ofxSliderGroup.cpp */,
				2ACF4F2D1C3E54A5005B2756 /* ofxSliderGroup.h */,
				2ACF4F2E1C3E54A5005B2756 /* ofxToggle.cpp */,
				2ACF4F2F1C3E54A5005B2756 /* ofxToggle.h */,
			);
			name = src;
			path = ../../../addons/ofxGui/src;
			sourceTree = "<group>";
		};
		30CB364908817057B430D528 /* osc */ = {
			isa = PBXGroup;
			children = (
				AE335EB4709BFD4671EEAC84 /* MessageMappingOscPacketListener.h */,
				F4F5B6B8BA2BD52C646ED908 /* OscException.h */,
				A2AAA8CA403479E6FCDF920E /* OscHostEndianness.h */,
				63A47AC60FFAFC3BF093EC0F /* OscOutboundPacketStream.cpp */,
				029684CF678F70F6D3537A29 /* OscOutboundPacketStream.h */,
				6B65E6930994CC4B2D2B8B33 /* OscPacketListener.h */,
				BC8881B3C8C0A1C45F042E7A /* OscPrintReceivedElements.cpp */,
				4E95FB446A9C9C6F0DE12D75 /* OscPrintReceivedElements.h */,
				9BF3AA0D4FAA89D0F8A0E545 /* OscReceivedElements.cpp */,
				20F35AFADAF0068B067E713F /* OscReceivedElements.h */,
				D9BFFBBF4CC43DEE890B3C3E /* OscTypes.cpp */,
				C6937888E126BADC8777423B /* OscTypes.h */,
			);
			name = osc;
			sourceTree = "<group>";
		};
		38871A5825686AE018EC2BF0 /* libs */ = {
			isa = PBXGroup;
			children = (
				86D2677079A3AF4A5A88E29A /* oscpack */,
			);
			name = libs;
			sourceTree = "<group>";
		};
		641362CA659FAFEE4E81001B /* posix */ = {
			isa = PBXGroup;
			children = (
				3B361208CD4107E479F04E7B /* NetworkingUtils.cpp */,
				E6DEF695B88BA5FAACEAA937 /* UdpSocket.cpp */,
			);
			name = posix;
			sourceTree = "<group>";
		};
		6948EE371B920CB800B5AC1A /* local_addons */ = {
			isa = PBXGroup;
			children = (
			);
			name = local_addons;
			sourceTree = "<group>";
		};
		86D2677079A3AF4A5A88E29A /* oscpack */ = {
			isa = PBXGroup;
			children = (
				D27B2221A225CA523C019676 /* src */,
			);
			name = oscpack;
			sourceTree = "<group>";
		};
		9767E99043744D15B38FE1B2 /* src */ = {
			isa = PBXGroup;
			children = (
				14E721B1C17BBDBA91CB9507 /* ofxKinectFeatures.cpp */,
				4FD59FCC5BFF96B25AF4A116 /* ofxKinectFeatures.h */,
				DB8DDCD3AD97561D1DEA08CB /* ofxMocapElement.cpp */,
				25B613DAA6A4EDDDA72E6BA2 /* ofxMocapElement.h */,
				6B8A637A273E11A4AEEBBCE3 /* ofxMocapEvents.cpp */,
				1C484AF63407A9C6A97E59FC /* ofxMocapEvents.h */,
			);
			name = src;
			sourceTree = "<group>";
		};
		9F8A3AA21C3EB44B0071A16C /* ofxOpenNI-PM */ = {
			isa = PBXGroup;
			children = (
				9F8A3AA31C3EB44B0071A16C /* src */,
			);
			name = "ofxOpenNI-PM";
			sourceTree = "<group>";
		};
		9F8A3AA31C3EB44B0071A16C /* src */ = {
			isa = PBXGroup;
			children = (
				9F8A3AA41C3EB44B0071A16C /* ofxOpenNI.cpp */,
				9F8A3AA51C3EB44B0071A16C /* ofxOpenNI.h */,
				9F8A3AA61C3EB44B0071A16C /* ofxOpenNITypes.cpp */,
				9F8A3AA71C3EB44B0071A16C /* ofxOpenNITypes.h */,
				9F8A3AA81C3EB44B0071A16C /* ofxOpenNIUtils.h */,
			);
			name = src;
			path = "../../../addons/ofxOpenNI-PM/src";
			sourceTree = "<group>";
		};
		9F8A3AAC1C3EB86B0071A16C /* Motion */ = {
			isa = PBXGroup;
			children = (
				9F8A3AAD1C3EB86B0071A16C /* PMMotionExtractor.cpp */,
				9F8A3AAE1C3EB86B0071A16C /* PMMotionExtractor.hpp */,
			);
			path = Motion;
			sourceTree = "<group>";
		};
		BB4B014C10F69532006C3DED /* addons */ = {
			isa = PBXGroup;
			children = (
				2ABA0F509A1D41CC18336C93 /* ofxKinectFeatures-PM */,
				E6053AB7FEC63D5F83825B88 /* ofxOsc */,
				2ACF4F1D1C3E54A5005B2756 /* ofxGui */,
				9F8A3AA21C3EB44B0071A16C /* ofxOpenNI-PM */,
			);
			name = addons;
			sourceTree = "<group>";
		};
		BD2F1A9F8D0C05EDB29122D0 /* src */ = {
			isa = PBXGroup;
			children = (
				00D6D32B84B099226431108C /* ofxOsc.h */,
				7689F8A0F3D0B7635A8C3104 /* ofxOscArg.h */,
				65EEFA3DA3526E9CDD9C21F9 /* ofxOscBundle.cpp */,
				8B30E93FD3D3475EED522A0E /* ofxOscBundle.h */,
				DF49D76C45D5DB505A234880 /* ofxOscMessage.cpp */,
				C58862C6D212C8E8A83810F4 /* ofxOscMessage.h */,
				0AED834CE4DEC5260AF302A2 /* ofxOscParameterSync.cpp */,
				B31C608870ECEB2490A93736 /* ofxOscParameterSync.h */,
				C2FAC65C491D4231379F3298 /* ofxOscReceiver.cpp */,
				8C75AFC8774A62495DD53464 /* ofxOscReceiver.h */,
				81967292BFC87A0144BD32C6 /* ofxOscSender.cpp */,
				9F7986DC4EB05E75FCE2C777 /* ofxOscSender.h */,
			);
			name = src;
			sourceTree = "<group>";
		};
		D27B2221A225CA523C019676 /* src */ = {
			isa = PBXGroup;
			children = (
				FF8CDF57858E9B94E3237115 /* ip */,
				30CB364908817057B430D528 /* osc */,
			);
			name = src;
			sourceTree = "<group>";
		};
		E4328144138ABC890047C5CB /* Products */ = {
			isa = PBXGroup;
			children = (
				E4328148138ABC890047C5CB /* openFrameworksDebug.a */,
			);
			name = Products;
			sourceTree = "<group>";
		};
		E4B69B4A0A3A1720003C02F2 = {
			isa = PBXGroup;
			children = (
				9F8A3AD21C3EBE3B0071A16C /* libnimCodecs.dylib */,
				9F8A3AD31C3EBE3B0071A16C /* libnimMockNodes.dylib */,
				9F8A3AD41C3EBE3B0071A16C /* libnimRecorder.dylib */,
				9F8A3AD51C3EBE3B0071A16C /* libOpenNI.dylib */,
				9F8A3AD61C3EBE3B0071A16C /* libusb-1.0.0.dylib */,
				9F8A3AD71C3EBE3B0071A16C /* libXnCore.dylib */,
				9F8A3AD81C3EBE3B0071A16C /* libXnDDK.dylib */,
				9F8A3AD91C3EBE3B0071A16C /* libXnDeviceFile.dylib */,
				9F8A3ADA1C3EBE3B0071A16C /* libXnDeviceSensorV2KM.dylib */,
				9F8A3ADB1C3EBE3B0071A16C /* libXnFormats.dylib */,
				9F8A3ADC1C3EBE3B0071A16C /* libXnVCNITE_1_5_2.dylib */,
				9F8A3ADD1C3EBE3B0071A16C /* libXnVFeatures_1_5_2.dylib */,
				9F8A3ADE1C3EBE3B0071A16C /* libXnVHandGenerator_1_5_2.dylib */,
				9F8A3ADF1C3EBE3B0071A16C /* libXnVNite_1_5_2.dylib */,
				E4B6FCAD0C3E899E008CF71C /* openFrameworks-Info.plist */,
				E4EB6923138AFD0F00A09F29 /* Project.xcconfig */,
				E4B69E1C0A3A1BDC003C02F2 /* src */,
				E4EEC9E9138DF44700A80321 /* openFrameworks */,
				BB4B014C10F69532006C3DED /* addons */,
				6948EE371B920CB800B5AC1A /* local_addons */,
				E4B69B5B0A3A1756003C02F2 /* PedreraKinectSenderDebug.app */,
			);
			sourceTree = "<group>";
		};
		E4B69E1C0A3A1BDC003C02F2 /* src */ = {
			isa = PBXGroup;
			children = (
				E4B69E1D0A3A1BDC003C02F2 /* main.cpp */,
				E4B69E1E0A3A1BDC003C02F2 /* ofApp.cpp */,
				E4B69E1F0A3A1BDC003C02F2 /* ofApp.h */,
				9F8A3AAC1C3EB86B0071A16C /* Motion */,
				21476F6B6800DF107C2B37A3 /* Defaults.h */,
				2AFC96251C3E604100F8A122 /* Shared */,
			);
			path = src;
			sourceTree = SOURCE_ROOT;
		};
		E4EEC9E9138DF44700A80321 /* openFrameworks */ = {
			isa = PBXGroup;
			children = (
				E4EB691F138AFCF100A09F29 /* CoreOF.xcconfig */,
				E4328143138ABC890047C5CB /* openFrameworksLib.xcodeproj */,
			);
			name = openFrameworks;
			sourceTree = "<group>";
		};
		E6053AB7FEC63D5F83825B88 /* ofxOsc */ = {
			isa = PBXGroup;
			children = (
				BD2F1A9F8D0C05EDB29122D0 /* src */,
				38871A5825686AE018EC2BF0 /* libs */,
			);
			name = ofxOsc;
			sourceTree = "<group>";
		};
		FF8CDF57858E9B94E3237115 /* ip */ = {
			isa = PBXGroup;
			children = (
				ADD194746185E2DA11468377 /* IpEndpointName.cpp */,
				48974F980F51769171D0B2F5 /* IpEndpointName.h */,
				F7FBC56859535E597B24BB91 /* NetworkingUtils.h */,
				23640F57DF6C4BB6BFC5DA4C /* PacketListener.h */,
				641362CA659FAFEE4E81001B /* posix */,
				444657A12E59D0ED86981498 /* TimerListener.h */,
				2FD4B0329909D3527F003494 /* UdpSocket.h */,
			);
			name = ip;
			sourceTree = "<group>";
		};
/* End PBXGroup section */

/* Begin PBXNativeTarget section */
		E4B69B5A0A3A1756003C02F2 /* PedreraKinectSender */ = {
			isa = PBXNativeTarget;
			buildConfigurationList = E4B69B5F0A3A1757003C02F2 /* Build configuration list for PBXNativeTarget "PedreraKinectSender" */;
			buildPhases = (
				E4B69B580A3A1756003C02F2 /* Sources */,
				E4B69B590A3A1756003C02F2 /* Frameworks */,
				E4B6FFFD0C3F9AB9008CF71C /* ShellScript */,
				E4C2427710CC5ABF004149E2 /* CopyFiles */,
			);
			buildRules = (
			);
			dependencies = (
				E4EEB9AC138B136A00A80321 /* PBXTargetDependency */,
			);
			name = PedreraKinectSender;
			productName = myOFApp;
			productReference = E4B69B5B0A3A1756003C02F2 /* PedreraKinectSenderDebug.app */;
			productType = "com.apple.product-type.application";
		};
/* End PBXNativeTarget section */

/* Begin PBXProject section */
		E4B69B4C0A3A1720003C02F2 /* Project object */ = {
			isa = PBXProject;
			attributes = {
				LastUpgradeCheck = 0600;
			};
			buildConfigurationList = E4B69B4D0A3A1720003C02F2 /* Build configuration list for PBXProject "PedreraKinectSender" */;
			compatibilityVersion = "Xcode 3.2";
			developmentRegion = English;
			hasScannedForEncodings = 0;
			knownRegions = (
				English,
				Japanese,
				French,
				German,
			);
			mainGroup = E4B69B4A0A3A1720003C02F2;
			productRefGroup = E4B69B4A0A3A1720003C02F2;
			projectDirPath = "";
			projectReferences = (
				{
					ProductGroup = E4328144138ABC890047C5CB /* Products */;
					ProjectRef = E4328143138ABC890047C5CB /* openFrameworksLib.xcodeproj */;
				},
			);
			projectRoot = "";
			targets = (
				E4B69B5A0A3A1756003C02F2 /* PedreraKinectSender */,
			);
		};
/* End PBXProject section */

/* Begin PBXReferenceProxy section */
		E4328148138ABC890047C5CB /* openFrameworksDebug.a */ = {
			isa = PBXReferenceProxy;
			fileType = archive.ar;
			path = openFrameworksDebug.a;
			remoteRef = E4328147138ABC890047C5CB /* PBXContainerItemProxy */;
			sourceTree = BUILT_PRODUCTS_DIR;
		};
/* End PBXReferenceProxy section */

/* Begin PBXShellScriptBuildPhase section */
		E4B6FFFD0C3F9AB9008CF71C /* ShellScript */ = {
			isa = PBXShellScriptBuildPhase;
			buildActionMask = 2147483647;
			files = (
			);
			inputPaths = (
			);
			outputPaths = (
			);
			runOnlyForDeploymentPostprocessing = 0;
			shellPath = /bin/sh;
			shellScript = "rsync -aved ../../../libs/fmodex/lib/osx/libfmodex.dylib \"$TARGET_BUILD_DIR/$PRODUCT_NAME.app/Contents/MacOS/\"; install_name_tool -change ./libfmodex.dylib @executable_path/libfmodex.dylib \"$TARGET_BUILD_DIR/$PRODUCT_NAME.app/Contents/MacOS/$PRODUCT_NAME\";\nmkdir -p \"$TARGET_BUILD_DIR/$PRODUCT_NAME.app/Contents/Resources/\"\nrsync -aved \"$ICON_FILE\" \"$TARGET_BUILD_DIR/$PRODUCT_NAME.app/Contents/Resources/\"\nrsync -aved ../../../libs/glut/lib/osx/GLUT.framework \"$TARGET_BUILD_DIR/$PRODUCT_NAME.app/Contents/Frameworks/\"\n";
		};
/* End PBXShellScriptBuildPhase section */

/* Begin PBXSourcesBuildPhase section */
		E4B69B580A3A1756003C02F2 /* Sources */ = {
			isa = PBXSourcesBuildPhase;
			buildActionMask = 2147483647;
			files = (
				E4B69E200A3A1BDC003C02F2 /* main.cpp in Sources */,
				E4B69E210A3A1BDC003C02F2 /* ofApp.cpp in Sources */,
				EC67EFAE257EDF0230E94783 /* ofxKinectFeatures.cpp in Sources */,
				CB81E90445B5A2738B94DE24 /* ofxMocapElement.cpp in Sources */,
				9F8A3AA91C3EB44B0071A16C /* ofxOpenNI.cpp in Sources */,
				9F8A3AAF1C3EB86B0071A16C /* PMMotionExtractor.cpp in Sources */,
				2ACF4F301C3E54A5005B2756 /* ofxBaseGui.cpp in Sources */,
				106D661542619CFF59CC1591 /* ofxMocapEvents.cpp in Sources */,
				72A929D3561B8232A182ABFC /* ofxOscBundle.cpp in Sources */,
				5864AD82E20F15536D054EA3 /* ofxOscMessage.cpp in Sources */,
				4ADB88E2FB52E76A471065DE /* ofxOscParameterSync.cpp in Sources */,
				640279EE111671BD026CB013 /* ofxOscReceiver.cpp in Sources */,
				8F5205AEF8861EF234F0651A /* ofxOscSender.cpp in Sources */,
				9F8A3AAA1C3EB44B0071A16C /* ofxOpenNITypes.cpp in Sources */,
				ADE367465D2A8EBAD4C7A8D9 /* IpEndpointName.cpp in Sources */,
				2ACF4F371C3E54A5005B2756 /* ofxToggle.cpp in Sources */,
				2ACF4F311C3E54A5005B2756 /* ofxButton.cpp in Sources */,
				67FE4C7B15C2F0478C8126C2 /* NetworkingUtils.cpp in Sources */,
				510CAFE035E576A4E1502D52 /* UdpSocket.cpp in Sources */,
				62545D179C94265CA1389D4A /* OscOutboundPacketStream.cpp in Sources */,
				2ACF4F361C3E54A5005B2756 /* ofxSliderGroup.cpp in Sources */,
				2ACF4F341C3E54A5005B2756 /* ofxPanel.cpp in Sources */,
				C4782ECC372420ACE0615B74 /* OscPrintReceivedElements.cpp in Sources */,
				2ACF4F351C3E54A5005B2756 /* ofxSlider.cpp in Sources */,
				0546D1A38E13BD319CC9755B /* OscReceivedElements.cpp in Sources */,
				2ACF4F331C3E54A5005B2756 /* ofxLabel.cpp in Sources */,
				879A251454401BC0B6E4F238 /* OscTypes.cpp in Sources */,
				2ACF4F321C3E54A5005B2756 /* ofxGuiGroup.cpp in Sources */,
			);
			runOnlyForDeploymentPostprocessing = 0;
		};
/* End PBXSourcesBuildPhase section */

/* Begin PBXTargetDependency section */
		E4EEB9AC138B136A00A80321 /* PBXTargetDependency */ = {
			isa = PBXTargetDependency;
			name = openFrameworks;
			targetProxy = E4EEB9AB138B136A00A80321 /* PBXContainerItemProxy */;
		};
/* End PBXTargetDependency section */

/* Begin XCBuildConfiguration section */
		E4B69B4E0A3A1720003C02F2 /* Debug */ = {
			isa = XCBuildConfiguration;
			baseConfigurationReference = E4EB6923138AFD0F00A09F29 /* Project.xcconfig */;
			buildSettings = {
				CONFIGURATION_BUILD_DIR = "$(SRCROOT)/bin/";
				COPY_PHASE_STRIP = NO;
				DEAD_CODE_STRIPPING = YES;
				GCC_AUTO_VECTORIZATION = YES;
				GCC_ENABLE_SSE3_EXTENSIONS = YES;
				GCC_ENABLE_SUPPLEMENTAL_SSE3_INSTRUCTIONS = YES;
				GCC_INLINES_ARE_PRIVATE_EXTERN = NO;
				GCC_OPTIMIZATION_LEVEL = 0;
				GCC_SYMBOLS_PRIVATE_EXTERN = NO;
				GCC_WARN_ABOUT_DEPRECATED_FUNCTIONS = YES;
				GCC_WARN_ABOUT_INVALID_OFFSETOF_MACRO = NO;
				GCC_WARN_ALLOW_INCOMPLETE_PROTOCOL = NO;
				GCC_WARN_UNINITIALIZED_AUTOS = NO;
				GCC_WARN_UNUSED_VALUE = NO;
				GCC_WARN_UNUSED_VARIABLE = NO;
				HEADER_SEARCH_PATHS = (
					"$(OF_CORE_HEADERS)",
					src,
					"../../../addons/ofxKinectFeatures-PM/src",
					../../../addons/ofxOsc/libs,
					../../../addons/ofxOsc/libs/oscpack,
					../../../addons/ofxOsc/libs/oscpack/src,
					../../../addons/ofxOsc/libs/oscpack/src/ip,
					../../../addons/ofxOsc/libs/oscpack/src/ip/posix,
					../../../addons/ofxOsc/libs/oscpack/src/ip/win32,
					../../../addons/ofxOsc/libs/oscpack/src/osc,
					../../../addons/ofxOsc/src,
				);
				MACOSX_DEPLOYMENT_TARGET = 10.8;
				ONLY_ACTIVE_ARCH = YES;
				OTHER_CPLUSPLUSFLAGS = (
					"-D__MACOSX_CORE__",
					"-mtune=native",
				);
				SDKROOT = macosx;
			};
			name = Debug;
		};
		E4B69B4F0A3A1720003C02F2 /* Release */ = {
			isa = XCBuildConfiguration;
			baseConfigurationReference = E4EB6923138AFD0F00A09F29 /* Project.xcconfig */;
			buildSettings = {
				CONFIGURATION_BUILD_DIR = "$(SRCROOT)/bin/";
				COPY_PHASE_STRIP = YES;
				DEAD_CODE_STRIPPING = YES;
				GCC_AUTO_VECTORIZATION = YES;
				GCC_ENABLE_SSE3_EXTENSIONS = YES;
				GCC_ENABLE_SUPPLEMENTAL_SSE3_INSTRUCTIONS = YES;
				GCC_INLINES_ARE_PRIVATE_EXTERN = NO;
				GCC_OPTIMIZATION_LEVEL = 3;
				GCC_SYMBOLS_PRIVATE_EXTERN = NO;
				GCC_UNROLL_LOOPS = YES;
				GCC_WARN_ABOUT_DEPRECATED_FUNCTIONS = YES;
				GCC_WARN_ABOUT_INVALID_OFFSETOF_MACRO = NO;
				GCC_WARN_ALLOW_INCOMPLETE_PROTOCOL = NO;
				GCC_WARN_UNINITIALIZED_AUTOS = NO;
				GCC_WARN_UNUSED_VALUE = NO;
				GCC_WARN_UNUSED_VARIABLE = NO;
				HEADER_SEARCH_PATHS = (
					"$(OF_CORE_HEADERS)",
					src,
					"../../../addons/ofxKinectFeatures-PM/src",
					../../../addons/ofxOsc/libs,
					../../../addons/ofxOsc/libs/oscpack,
					../../../addons/ofxOsc/libs/oscpack/src,
					../../../addons/ofxOsc/libs/oscpack/src/ip,
					../../../addons/ofxOsc/libs/oscpack/src/ip/posix,
					../../../addons/ofxOsc/libs/oscpack/src/ip/win32,
					../../../addons/ofxOsc/libs/oscpack/src/osc,
					../../../addons/ofxOsc/src,
				);
				MACOSX_DEPLOYMENT_TARGET = 10.8;
				OTHER_CPLUSPLUSFLAGS = (
					"-D__MACOSX_CORE__",
					"-mtune=native",
				);
				SDKROOT = macosx;
			};
			name = Release;
		};
		E4B69B600A3A1757003C02F2 /* Debug */ = {
			isa = XCBuildConfiguration;
			baseConfigurationReference = E4EB6923138AFD0F00A09F29 /* Project.xcconfig */;
			buildSettings = {
				ARCHS = "$(ARCHS_STANDARD_64_BIT)";
				COMBINE_HIDPI_IMAGES = YES;
				COPY_PHASE_STRIP = NO;
				FRAMEWORK_SEARCH_PATHS = (
					"$(inherited)",
					"$(FRAMEWORK_SEARCH_PATHS_QUOTED_FOR_TARGET_1)",
				);
				FRAMEWORK_SEARCH_PATHS_QUOTED_FOR_TARGET_1 = "\"$(SRCROOT)/../../../libs/glut/lib/osx\"";
				GCC_DYNAMIC_NO_PIC = NO;
				GCC_GENERATE_DEBUGGING_SYMBOLS = YES;
				GCC_MODEL_TUNING = NONE;
				GCC_PREPROCESSOR_DEFINITIONS = OF_DEBUG;
				HEADER_SEARCH_PATHS = (
					"$(OF_CORE_HEADERS)",
					src,
					"../../../addons/ofxKinectFeatures-PM/src",
					../../../addons/ofxOsc/libs,
					../../../addons/ofxOsc/libs/oscpack,
					../../../addons/ofxOsc/libs/oscpack/src,
					../../../addons/ofxOsc/libs/oscpack/src/ip,
					../../../addons/ofxOsc/libs/oscpack/src/ip/posix,
					../../../addons/ofxOsc/libs/oscpack/src/ip/win32,
					../../../addons/ofxOsc/libs/oscpack/src/osc,
					../../../addons/ofxOsc/src,
					"../../../addons/ofxOpenNI-PM/include",
					"../../../addons/ofxOpenNI-PM/include/libusb",
					"../../../addons/ofxOpenNI-PM/include/nite",
					"../../../addons/ofxOpenNI-PM/include/openni",
				);
				ICON = "$(ICON_NAME_DEBUG)";
				ICON_FILE = "$(ICON_FILE_PATH)$(ICON)";
				INFOPLIST_FILE = "openFrameworks-Info.plist";
				INSTALL_PATH = "$(HOME)/Applications";
				LIBRARY_SEARCH_PATHS = (
					"$(inherited)",
					"$(SRCROOT)/bin/data/openni/lib",
					"$(SRCROOT)/bin/data/openni/config",
				);
				MACOSX_DEPLOYMENT_TARGET = 10.8;
				OTHER_LDFLAGS = (
					"$(OF_CORE_LIBS)",
					"$(OF_CORE_FRAMEWORKS)",
					"../../../addons/ofxKinect/libs/libusb-1.0/lib/osx/usb-1.0.a",
				);
				PRODUCT_NAME = "$(TARGET_NAME)Debug";
				USER_HEADER_SEARCH_PATHS = "";
				WRAPPER_EXTENSION = app;
			};
			name = Debug;
		};
		E4B69B610A3A1757003C02F2 /* Release */ = {
			isa = XCBuildConfiguration;
			baseConfigurationReference = E4EB6923138AFD0F00A09F29 /* Project.xcconfig */;
			buildSettings = {
				ARCHS = "$(ARCHS_STANDARD_64_BIT)";
				COMBINE_HIDPI_IMAGES = YES;
				COPY_PHASE_STRIP = YES;
				FRAMEWORK_SEARCH_PATHS = (
					"$(inherited)",
					"$(FRAMEWORK_SEARCH_PATHS_QUOTED_FOR_TARGET_1)",
				);
				FRAMEWORK_SEARCH_PATHS_QUOTED_FOR_TARGET_1 = "\"$(SRCROOT)/../../../libs/glut/lib/osx\"";
				GCC_GENERATE_DEBUGGING_SYMBOLS = YES;
				GCC_MODEL_TUNING = NONE;
				HEADER_SEARCH_PATHS = (
					"$(OF_CORE_HEADERS)",
					src,
					"../../../addons/ofxKinectFeatures-PM/src",
					../../../addons/ofxOsc/libs,
					../../../addons/ofxOsc/libs/oscpack,
					../../../addons/ofxOsc/libs/oscpack/src,
					../../../addons/ofxOsc/libs/oscpack/src/ip,
					../../../addons/ofxOsc/libs/oscpack/src/ip/posix,
					../../../addons/ofxOsc/libs/oscpack/src/ip/win32,
					../../../addons/ofxOsc/libs/oscpack/src/osc,
					../../../addons/ofxOsc/src,
					"../../../addons/ofxOpenNI-PM/include",
					"../../../addons/ofxOpenNI-PM/include/libusb",
					"../../../addons/ofxOpenNI-PM/include/nite",
					"../../../addons/ofxOpenNI-PM/include/openni",
				);
				ICON = "$(ICON_NAME_RELEASE)";
				ICON_FILE = "$(ICON_FILE_PATH)$(ICON)";
				INFOPLIST_FILE = "openFrameworks-Info.plist";
				INSTALL_PATH = "$(HOME)/Applications";
				LIBRARY_SEARCH_PATHS = (
					"$(inherited)",
					"$(SRCROOT)/bin/data/openni/lib",
					"$(SRCROOT)/bin/data/openni/config",
				);
				MACOSX_DEPLOYMENT_TARGET = 10.8;
				OTHER_LDFLAGS = (
					"$(OF_CORE_LIBS)",
					"$(OF_CORE_FRAMEWORKS)",
					"../../../addons/ofxKinect/libs/libusb-1.0/lib/osx/usb-1.0.a",
				);
				PRODUCT_NAME = "$(TARGET_NAME)";
				USER_HEADER_SEARCH_PATHS = "";
				WRAPPER_EXTENSION = app;
				baseConfigurationReference = E4EB6923138AFD0F00A09F29;
			};
			name = Release;
		};
/* End XCBuildConfiguration section */

/* Begin XCConfigurationList section */
		E4B69B4D0A3A1720003C02F2 /* Build configuration list for PBXProject "PedreraKinectSender" */ = {
			isa = XCConfigurationList;
			buildConfigurations = (
				E4B69B4E0A3A1720003C02F2 /* Debug */,
				E4B69B4F0A3A1720003C02F2 /* Release */,
			);
			defaultConfigurationIsVisible = 0;
			defaultConfigurationName = Release;
		};
		E4B69B5F0A3A1757003C02F2 /* Build configuration list for PBXNativeTarget "PedreraKinectSender" */ = {
			isa = XCConfigurationList;
			buildConfigurations = (
				E4B69B600A3A1757003C02F2 /* Debug */,
				E4B69B610A3A1757003C02F2 /* Release */,
			);
			defaultConfigurationIsVisible = 0;
			defaultConfigurationName = Release;
		};
/* End XCConfigurationList section */
	};
	rootObject = E4B69B4C0A3A1720003C02F2 /* Project object */;
}
