<?xml version="1.0" encoding="utf-8"?>
<Project ToolsVersion="4.0" xmlns="http://schemas.microsoft.com/developer/msbuild/2003">
  <ItemGroup>
    <ClCompile Include="src\ofApp.cpp">
      <Filter>src</Filter>
    </ClCompile>
    <ClCompile Include="src\main.cpp">
      <Filter>src</Filter>
    </ClCompile>
    <ClCompile Include="..\..\..\addons\ofxGui\src\ofxBaseGui.cpp">
      <Filter>addons\ofxGui\src</Filter>
    </ClCompile>
    <ClCompile Include="..\..\..\addons\ofxGui\src\ofxButton.cpp">
      <Filter>addons\ofxGui\src</Filter>
    </ClCompile>
    <ClCompile Include="..\..\..\addons\ofxGui\src\ofxGuiGroup.cpp">
      <Filter>addons\ofxGui\src</Filter>
    </ClCompile>
    <ClCompile Include="..\..\..\addons\ofxGui\src\ofxLabel.cpp">
      <Filter>addons\ofxGui\src</Filter>
    </ClCompile>
    <ClCompile Include="..\..\..\addons\ofxGui\src\ofxPanel.cpp">
      <Filter>addons\ofxGui\src</Filter>
    </ClCompile>
    <ClCompile Include="..\..\..\addons\ofxGui\src\ofxSlider.cpp">
      <Filter>addons\ofxGui\src</Filter>
    </ClCompile>
    <ClCompile Include="..\..\..\addons\ofxGui\src\ofxSliderGroup.cpp">
      <Filter>addons\ofxGui\src</Filter>
    </ClCompile>
    <ClCompile Include="..\..\..\addons\ofxGui\src\ofxToggle.cpp">
      <Filter>addons\ofxGui\src</Filter>
    </ClCompile>
    <ClCompile Include="..\..\..\addons\ofxOsc\src\ofxOscBundle.cpp">
      <Filter>addons\ofxOsc\src</Filter>
    </ClCompile>
    <ClCompile Include="..\..\..\addons\ofxOsc\src\ofxOscMessage.cpp">
      <Filter>addons\ofxOsc\src</Filter>
    </ClCompile>
    <ClCompile Include="..\..\..\addons\ofxOsc\src\ofxOscParameterSync.cpp">
      <Filter>addons\ofxOsc\src</Filter>
    </ClCompile>
    <ClCompile Include="..\..\..\addons\ofxOsc\src\ofxOscReceiver.cpp">
      <Filter>addons\ofxOsc\src</Filter>
    </ClCompile>
    <ClCompile Include="..\..\..\addons\ofxOsc\src\ofxOscSender.cpp">
      <Filter>addons\ofxOsc\src</Filter>
    </ClCompile>
    <ClCompile Include="..\..\..\addons\ofxOsc\libs\oscpack\src\ip\IpEndpointName.cpp">
      <Filter>addons\ofxOsc\libs\oscpack\src\ip</Filter>
    </ClCompile>
    <ClCompile Include="..\..\..\addons\ofxOsc\libs\oscpack\src\ip\win32\NetworkingUtils.cpp">
      <Filter>addons\ofxOsc\libs\oscpack\src\ip\win32</Filter>
    </ClCompile>
    <ClCompile Include="..\..\..\addons\ofxOsc\libs\oscpack\src\ip\win32\UdpSocket.cpp">
      <Filter>addons\ofxOsc\libs\oscpack\src\ip\win32</Filter>
    </ClCompile>
    <ClCompile Include="..\..\..\addons\ofxOsc\libs\oscpack\src\osc\OscOutboundPacketStream.cpp">
      <Filter>addons\ofxOsc\libs\oscpack\src\osc</Filter>
    </ClCompile>
    <ClCompile Include="..\..\..\addons\ofxOsc\libs\oscpack\src\osc\OscPrintReceivedElements.cpp">
      <Filter>addons\ofxOsc\libs\oscpack\src\osc</Filter>
    </ClCompile>
    <ClCompile Include="..\..\..\addons\ofxOsc\libs\oscpack\src\osc\OscReceivedElements.cpp">
      <Filter>addons\ofxOsc\libs\oscpack\src\osc</Filter>
    </ClCompile>
    <ClCompile Include="..\..\..\addons\ofxOsc\libs\oscpack\src\osc\OscTypes.cpp">
      <Filter>addons\ofxOsc\libs\oscpack\src\osc</Filter>
    </ClCompile>
    <ClCompile Include="src\PMMotionExtractor.cpp">
      <Filter>src</Filter>
    </ClCompile>
    <ClCompile Include="..\..\..\addons\ofxHTTP\libs\ofxHTTP\src\AuthScope.cpp">
      <Filter>addons\ofxHTTP\libs\ofxHTTP\src</Filter>
    </ClCompile>
    <ClCompile Include="..\..\..\addons\ofxHTTP\libs\ofxHTTP\src\BaseClient.cpp">
      <Filter>addons\ofxHTTP\libs\ofxHTTP\src</Filter>
    </ClCompile>
    <ClCompile Include="..\..\..\addons\ofxHTTP\libs\ofxHTTP\src\BaseRequest.cpp">
      <Filter>addons\ofxHTTP\libs\ofxHTTP\src</Filter>
    </ClCompile>
    <ClCompile Include="..\..\..\addons\ofxHTTP\libs\ofxHTTP\src\BaseResponse.cpp">
      <Filter>addons\ofxHTTP\libs\ofxHTTP\src</Filter>
    </ClCompile>
    <ClCompile Include="..\..\..\addons\ofxHTTP\libs\ofxHTTP\src\BaseRoute.cpp">
      <Filter>addons\ofxHTTP\libs\ofxHTTP\src</Filter>
    </ClCompile>
    <ClCompile Include="..\..\..\addons\ofxHTTP\libs\ofxHTTP\src\BaseServer.cpp">
      <Filter>addons\ofxHTTP\libs\ofxHTTP\src</Filter>
    </ClCompile>
    <ClCompile Include="..\..\..\addons\ofxHTTP\libs\ofxHTTP\src\ClientEvents.cpp">
      <Filter>addons\ofxHTTP\libs\ofxHTTP\src</Filter>
    </ClCompile>
    <ClCompile Include="..\..\..\addons\ofxHTTP\libs\ofxHTTP\src\ClientProgressStream.cpp">
      <Filter>addons\ofxHTTP\libs\ofxHTTP\src</Filter>
    </ClCompile>
    <ClCompile Include="..\..\..\addons\ofxHTTP\libs\ofxHTTP\src\ClientSessionSettings.cpp">
      <Filter>addons\ofxHTTP\libs\ofxHTTP\src</Filter>
    </ClCompile>
    <ClCompile Include="..\..\..\addons\ofxHTTP\libs\ofxHTTP\src\Context.cpp">
      <Filter>addons\ofxHTTP\libs\ofxHTTP\src</Filter>
    </ClCompile>
    <ClCompile Include="..\..\..\addons\ofxHTTP\libs\ofxHTTP\src\Cookie.cpp">
      <Filter>addons\ofxHTTP\libs\ofxHTTP\src</Filter>
    </ClCompile>
    <ClCompile Include="..\..\..\addons\ofxHTTP\libs\ofxHTTP\src\CookieStore.cpp">
      <Filter>addons\ofxHTTP\libs\ofxHTTP\src</Filter>
    </ClCompile>
    <ClCompile Include="..\..\..\addons\ofxHTTP\libs\ofxHTTP\src\CookieUtils.cpp">
      <Filter>addons\ofxHTTP\libs\ofxHTTP\src</Filter>
    </ClCompile>
    <ClCompile Include="..\..\..\addons\ofxHTTP\libs\ofxHTTP\src\Credentials.cpp">
      <Filter>addons\ofxHTTP\libs\ofxHTTP\src</Filter>
    </ClCompile>
    <ClCompile Include="..\..\..\addons\ofxHTTP\libs\ofxHTTP\src\CredentialStore.cpp">
      <Filter>addons\ofxHTTP\libs\ofxHTTP\src</Filter>
    </ClCompile>
    <ClCompile Include="..\..\..\addons\ofxHTTP\libs\ofxHTTP\src\DefaultClient.cpp">
      <Filter>addons\ofxHTTP\libs\ofxHTTP\src</Filter>
    </ClCompile>
    <ClCompile Include="..\..\..\addons\ofxHTTP\libs\ofxHTTP\src\DefaultClientHeaders.cpp">
      <Filter>addons\ofxHTTP\libs\ofxHTTP\src</Filter>
    </ClCompile>
    <ClCompile Include="..\..\..\addons\ofxHTTP\libs\ofxHTTP\src\DefaultClientSessionProvider.cpp">
      <Filter>addons\ofxHTTP\libs\ofxHTTP\src</Filter>
    </ClCompile>
    <ClCompile Include="..\..\..\addons\ofxHTTP\libs\ofxHTTP\src\DefaultClientTask.cpp">
      <Filter>addons\ofxHTTP\libs\ofxHTTP\src</Filter>
    </ClCompile>
    <ClCompile Include="..\..\..\addons\ofxHTTP\libs\ofxHTTP\src\DefaultClientTaskQueue.cpp">
      <Filter>addons\ofxHTTP\libs\ofxHTTP\src</Filter>
    </ClCompile>
    <ClCompile Include="..\..\..\addons\ofxHTTP\libs\ofxHTTP\src\DefaultCookieProcessor.cpp">
      <Filter>addons\ofxHTTP\libs\ofxHTTP\src</Filter>
    </ClCompile>
    <ClCompile Include="..\..\..\addons\ofxHTTP\libs\ofxHTTP\src\DefaultProxyProcessor.cpp">
      <Filter>addons\ofxHTTP\libs\ofxHTTP\src</Filter>
    </ClCompile>
    <ClCompile Include="..\..\..\addons\ofxHTTP\libs\ofxHTTP\src\DefaultRedirectProcessor.cpp">
      <Filter>addons\ofxHTTP\libs\ofxHTTP\src</Filter>
    </ClCompile>
    <ClCompile Include="..\..\..\addons\ofxHTTP\libs\ofxHTTP\src\DefaultResponseStreamFilter.cpp">
      <Filter>addons\ofxHTTP\libs\ofxHTTP\src</Filter>
    </ClCompile>
    <ClCompile Include="..\..\..\addons\ofxHTTP\libs\ofxHTTP\src\FileSystemRoute.cpp">
      <Filter>addons\ofxHTTP\libs\ofxHTTP\src</Filter>
    </ClCompile>
    <ClCompile Include="..\..\..\addons\ofxHTTP\libs\ofxHTTP\src\GetRequest.cpp">
      <Filter>addons\ofxHTTP\libs\ofxHTTP\src</Filter>
    </ClCompile>
    <ClCompile Include="..\..\..\addons\ofxHTTP\libs\ofxHTTP\src\HTTPUtils.cpp">
      <Filter>addons\ofxHTTP\libs\ofxHTTP\src</Filter>
    </ClCompile>
    <ClCompile Include="..\..\..\addons\ofxHTTP\libs\ofxHTTP\src\IPVideoFrame.cpp">
      <Filter>addons\ofxHTTP\libs\ofxHTTP\src</Filter>
    </ClCompile>
    <ClCompile Include="..\..\..\addons\ofxHTTP\libs\ofxHTTP\src\IPVideoRoute.cpp">
      <Filter>addons\ofxHTTP\libs\ofxHTTP\src</Filter>
    </ClCompile>
    <ClCompile Include="..\..\..\addons\ofxHTTP\libs\ofxHTTP\src\OAuth10Credentials.cpp">
      <Filter>addons\ofxHTTP\libs\ofxHTTP\src</Filter>
    </ClCompile>
    <ClCompile Include="..\..\..\addons\ofxHTTP\libs\ofxHTTP\src\OAuth10RequestFilter.cpp">
      <Filter>addons\ofxHTTP\libs\ofxHTTP\src</Filter>
    </ClCompile>
    <ClCompile Include="..\..\..\addons\ofxHTTP\libs\ofxHTTP\src\OAuth20Credentials.cpp">
      <Filter>addons\ofxHTTP\libs\ofxHTTP\src</Filter>
    </ClCompile>
    <ClCompile Include="..\..\..\addons\ofxHTTP\libs\ofxHTTP\src\PostRequest.cpp">
      <Filter>addons\ofxHTTP\libs\ofxHTTP\src</Filter>
    </ClCompile>
    <ClCompile Include="..\..\..\addons\ofxHTTP\libs\ofxHTTP\src\PostRoute.cpp">
      <Filter>addons\ofxHTTP\libs\ofxHTTP\src</Filter>
    </ClCompile>
    <ClCompile Include="..\..\..\addons\ofxHTTP\libs\ofxHTTP\src\ProgressMonitor.cpp">
      <Filter>addons\ofxHTTP\libs\ofxHTTP\src</Filter>
    </ClCompile>
    <ClCompile Include="..\..\..\addons\ofxHTTP\libs\ofxHTTP\src\ProxySettings.cpp">
      <Filter>addons\ofxHTTP\libs\ofxHTTP\src</Filter>
    </ClCompile>
    <ClCompile Include="..\..\..\addons\ofxHTTP\libs\ofxHTTP\src\PutRequest.cpp">
      <Filter>addons\ofxHTTP\libs\ofxHTTP\src</Filter>
    </ClCompile>
    <ClCompile Include="..\..\..\addons\ofxHTTP\libs\ofxHTTP\src\RequestHandlerAdapter.cpp">
      <Filter>addons\ofxHTTP\libs\ofxHTTP\src</Filter>
    </ClCompile>
    <ClCompile Include="..\..\..\addons\ofxHTTP\libs\ofxHTTP\src\Session.cpp">
      <Filter>addons\ofxHTTP\libs\ofxHTTP\src</Filter>
    </ClCompile>
    <ClCompile Include="..\..\..\addons\ofxHTTP\libs\ofxHTTP\src\SessionStore.cpp">
      <Filter>addons\ofxHTTP\libs\ofxHTTP\src</Filter>
    </ClCompile>
    <ClCompile Include="..\..\..\addons\ofxHTTP\libs\ofxHTTP\src\SimpleFileServer.cpp">
      <Filter>addons\ofxHTTP\libs\ofxHTTP\src</Filter>
    </ClCompile>
    <ClCompile Include="..\..\..\addons\ofxHTTP\libs\ofxHTTP\src\SimpleIPVideoServer.cpp">
      <Filter>addons\ofxHTTP\libs\ofxHTTP\src</Filter>
    </ClCompile>
    <ClCompile Include="..\..\..\addons\ofxHTTP\libs\ofxHTTP\src\SimplePostServer.cpp">
      <Filter>addons\ofxHTTP\libs\ofxHTTP\src</Filter>
    </ClCompile>
    <ClCompile Include="..\..\..\addons\ofxHTTP\libs\ofxHTTP\src\SimpleWebSocketServer.cpp">
      <Filter>addons\ofxHTTP\libs\ofxHTTP\src</Filter>
    </ClCompile>
    <ClCompile Include="..\..\..\addons\ofxHTTP\libs\ofxHTTP\src\ThreadSettings.cpp">
      <Filter>addons\ofxHTTP\libs\ofxHTTP\src</Filter>
    </ClCompile>
    <ClCompile Include="..\..\..\addons\ofxHTTP\libs\ofxHTTP\src\URIBuilder.cpp">
      <Filter>addons\ofxHTTP\libs\ofxHTTP\src</Filter>
    </ClCompile>
    <ClCompile Include="..\..\..\addons\ofxHTTP\libs\ofxHTTP\src\WebSocketConnection.cpp">
      <Filter>addons\ofxHTTP\libs\ofxHTTP\src</Filter>
    </ClCompile>
    <ClCompile Include="..\..\..\addons\ofxHTTP\libs\ofxHTTP\src\WebSocketExtensions.cpp">
      <Filter>addons\ofxHTTP\libs\ofxHTTP\src</Filter>
    </ClCompile>
    <ClCompile Include="..\..\..\addons\ofxHTTP\libs\ofxHTTP\src\WebSocketFrame.cpp">
      <Filter>addons\ofxHTTP\libs\ofxHTTP\src</Filter>
    </ClCompile>
    <ClCompile Include="..\..\..\addons\ofxHTTP\libs\ofxHTTP\src\WebSocketRoute.cpp">
      <Filter>addons\ofxHTTP\libs\ofxHTTP\src</Filter>
    </ClCompile>
    <ClCompile Include="..\..\..\addons\ofxIO\libs\lz4\src\lz4.c">
      <Filter>addons\ofxIO\libs\lz4\src</Filter>
    </ClCompile>
    <ClCompile Include="..\..\..\addons\ofxIO\libs\ofxIO\src\Base64Encoding.cpp">
      <Filter>addons\ofxIO\libs\ofxIO\src</Filter>
    </ClCompile>
    <ClCompile Include="..\..\..\addons\ofxIO\libs\ofxIO\src\ByteBuffer.cpp">
      <Filter>addons\ofxIO\libs\ofxIO\src</Filter>
    </ClCompile>
    <ClCompile Include="..\..\..\addons\ofxIO\libs\ofxIO\src\ByteBufferReader.cpp">
      <Filter>addons\ofxIO\libs\ofxIO\src</Filter>
    </ClCompile>
    <ClCompile Include="..\..\..\addons\ofxIO\libs\ofxIO\src\ByteBufferStream.cpp">
      <Filter>addons\ofxIO\libs\ofxIO\src</Filter>
    </ClCompile>
    <ClCompile Include="..\..\..\addons\ofxIO\libs\ofxIO\src\ByteBufferUtils.cpp">
      <Filter>addons\ofxIO\libs\ofxIO\src</Filter>
    </ClCompile>
    <ClCompile Include="..\..\..\addons\ofxIO\libs\ofxIO\src\ByteBufferWriter.cpp">
      <Filter>addons\ofxIO\libs\ofxIO\src</Filter>
    </ClCompile>
    <ClCompile Include="..\..\..\addons\ofxIO\libs\ofxIO\src\COBSEncoding.cpp">
      <Filter>addons\ofxIO\libs\ofxIO\src</Filter>
    </ClCompile>
    <ClCompile Include="..\..\..\addons\ofxIO\libs\ofxIO\src\Compression.cpp">
      <Filter>addons\ofxIO\libs\ofxIO\src</Filter>
    </ClCompile>
    <ClCompile Include="..\..\..\addons\ofxIO\libs\ofxIO\src\DeviceFilter.cpp">
      <Filter>addons\ofxIO\libs\ofxIO\src</Filter>
    </ClCompile>
    <ClCompile Include="..\..\..\addons\ofxIO\libs\ofxIO\src\DirectoryFilter.cpp">
      <Filter>addons\ofxIO\libs\ofxIO\src</Filter>
    </ClCompile>
    <ClCompile Include="..\..\..\addons\ofxIO\libs\ofxIO\src\DirectoryUtils.cpp">
      <Filter>addons\ofxIO\libs\ofxIO\src</Filter>
    </ClCompile>
    <ClCompile Include="..\..\..\addons\ofxIO\libs\ofxIO\src\DirectoryWatcher.cpp">
      <Filter>addons\ofxIO\libs\ofxIO\src</Filter>
    </ClCompile>
    <ClCompile Include="..\..\..\addons\ofxIO\libs\ofxIO\src\DirectoryWatcherManager.cpp">
      <Filter>addons\ofxIO\libs\ofxIO\src</Filter>
    </ClCompile>
    <ClCompile Include="..\..\..\addons\ofxIO\libs\ofxIO\src\FileExtensionFilter.cpp">
      <Filter>addons\ofxIO\libs\ofxIO\src</Filter>
    </ClCompile>
    <ClCompile Include="..\..\..\addons\ofxIO\libs\ofxIO\src\HexBinaryEncoding.cpp">
      <Filter>addons\ofxIO\libs\ofxIO\src</Filter>
    </ClCompile>
    <ClCompile Include="..\..\..\addons\ofxIO\libs\ofxIO\src\HiddenFileFilter.cpp">
      <Filter>addons\ofxIO\libs\ofxIO\src</Filter>
    </ClCompile>
    <ClCompile Include="..\..\..\addons\ofxIO\libs\ofxIO\src\LinkFilter.cpp">
      <Filter>addons\ofxIO\libs\ofxIO\src</Filter>
    </ClCompile>
    <ClCompile Include="..\..\..\addons\ofxIO\libs\ofxIO\src\PathFilterCollection.cpp">
      <Filter>addons\ofxIO\libs\ofxIO\src</Filter>
    </ClCompile>
    <ClCompile Include="..\..\..\addons\ofxIO\libs\ofxIO\src\RecursiveDirectoryIterator.cpp">
      <Filter>addons\ofxIO\libs\ofxIO\src</Filter>
    </ClCompile>
    <ClCompile Include="..\..\..\addons\ofxIO\libs\ofxIO\src\RecursiveDirectoryIteratorStategies.cpp">
      <Filter>addons\ofxIO\libs\ofxIO\src</Filter>
    </ClCompile>
    <ClCompile Include="..\..\..\addons\ofxIO\libs\ofxIO\src\RegexPathFilter.cpp">
      <Filter>addons\ofxIO\libs\ofxIO\src</Filter>
    </ClCompile>
    <ClCompile Include="..\..\..\addons\ofxIO\libs\ofxIO\src\SearchPath.cpp">
      <Filter>addons\ofxIO\libs\ofxIO\src</Filter>
    </ClCompile>
    <ClCompile Include="..\..\..\addons\ofxIO\libs\ofxIO\src\SLIPEncoding.cpp">
      <Filter>addons\ofxIO\libs\ofxIO\src</Filter>
    </ClCompile>
    <ClCompile Include="..\..\..\addons\ofxIO\libs\snappy\src\snappy-sinksource.cc">
      <Filter>addons\ofxIO\libs\snappy\src</Filter>
    </ClCompile>
    <ClCompile Include="..\..\..\addons\ofxIO\libs\snappy\src\snappy-stubs-internal.cc">
      <Filter>addons\ofxIO\libs\snappy\src</Filter>
    </ClCompile>
    <ClCompile Include="..\..\..\addons\ofxIO\libs\snappy\src\snappy.cc">
      <Filter>addons\ofxIO\libs\snappy\src</Filter>
    </ClCompile>
    <ClCompile Include="..\..\..\addons\ofxMediaType\libs\ofxMediaType\src\MediaTypeMap.cpp">
      <Filter>addons\ofxMediaType\libs\ofxMediaType\src</Filter>
    </ClCompile>
    <ClCompile Include="..\..\..\addons\ofxNetworkUtils\libs\ofxNetworkUtils\src\IPAddressRange.cpp">
      <Filter>addons\ofxNetworkUtils\libs\ofxNetworkUtils\src</Filter>
    </ClCompile>
    <ClCompile Include="..\..\..\addons\ofxNetworkUtils\libs\ofxNetworkUtils\src\NetworkInterfaceListener.cpp">
      <Filter>addons\ofxNetworkUtils\libs\ofxNetworkUtils\src</Filter>
    </ClCompile>
    <ClCompile Include="..\..\..\addons\ofxNetworkUtils\libs\ofxNetworkUtils\src\NetworkUtils.cpp">
      <Filter>addons\ofxNetworkUtils\libs\ofxNetworkUtils\src</Filter>
    </ClCompile>
    <ClCompile Include="..\..\..\addons\ofxSSLManager\src\ofSSLManager.cpp">
      <Filter>addons\ofxSSLManager\src</Filter>
    </ClCompile>
  </ItemGroup>
  <ItemGroup>
    <Filter Include="src">
      <UniqueIdentifier>{d8376475-7454-4a24-b08a-aac121d3ad6f}</UniqueIdentifier>
    </Filter>
    <Filter Include="addons">
      <UniqueIdentifier>{71834F65-F3A9-211E-73B8-DC85}</UniqueIdentifier>
    </Filter>
    <Filter Include="addons\ofxGui">
      <UniqueIdentifier>{4F2A59AF-5F4E-704B-D067-EC13}</UniqueIdentifier>
    </Filter>
    <Filter Include="addons\ofxGui\src">
      <UniqueIdentifier>{645E9533-4DCD-6179-1CDF-CB65}</UniqueIdentifier>
    </Filter>
    <Filter Include="addons\ofxOsc">
      <UniqueIdentifier>{D91DCA33-6E5D-4481-2AEC-9FBB}</UniqueIdentifier>
    </Filter>
    <Filter Include="addons\ofxOsc\src">
      <UniqueIdentifier>{B9DD339A-D93D-92A1-0A2F-4B41}</UniqueIdentifier>
    </Filter>
    <Filter Include="addons\ofxOsc\libs">
      <UniqueIdentifier>{99ECA1D9-873F-4622-8FC0-FC7B}</UniqueIdentifier>
    </Filter>
    <Filter Include="addons\ofxOsc\libs\oscpack">
      <UniqueIdentifier>{D3A98534-1602-4FEF-57A6-6593}</UniqueIdentifier>
    </Filter>
    <Filter Include="addons\ofxOsc\libs\oscpack\src">
      <UniqueIdentifier>{BFB5BB47-98C8-BBCB-3066-1046}</UniqueIdentifier>
    </Filter>
    <Filter Include="addons\ofxOsc\libs\oscpack\src\ip">
      <UniqueIdentifier>{5A029128-EB41-95C5-CBC0-CDED}</UniqueIdentifier>
    </Filter>
    <Filter Include="addons\ofxOsc\libs\oscpack\src\ip\win32">
      <UniqueIdentifier>{79DFDFE2-400B-8654-3675-01A3}</UniqueIdentifier>
    </Filter>
    <Filter Include="addons\ofxOsc\libs\oscpack\src\osc">
      <UniqueIdentifier>{EDACB89C-9768-9551-4D41-B590}</UniqueIdentifier>
    </Filter>
    <Filter Include="Shared">
      <UniqueIdentifier>{83434ef5-c8fd-40a9-9ff8-d24cc500d379}</UniqueIdentifier>
    </Filter>
    <Filter Include="addons\ofxHTTP">
      <UniqueIdentifier>{b0728621-ce24-4e2f-a81e-484ac5be73bf}</UniqueIdentifier>
    </Filter>
    <Filter Include="addons\ofxHTTP\src">
      <UniqueIdentifier>{70b213d0-56e0-4791-b398-cb0bb1b7c691}</UniqueIdentifier>
    </Filter>
    <Filter Include="addons\ofxHTTP\libs">
      <UniqueIdentifier>{58a3f181-fc89-4c3d-a10e-a60fd119929e}</UniqueIdentifier>
    </Filter>
    <Filter Include="addons\ofxHTTP\libs\ofxHTTP">
      <UniqueIdentifier>{a37a7636-919f-4a08-b13c-52bca43d8310}</UniqueIdentifier>
    </Filter>
    <Filter Include="addons\ofxHTTP\libs\ofxHTTP\include">
      <UniqueIdentifier>{e76da3d4-fdae-4868-a192-9bd17a9d1ff8}</UniqueIdentifier>
    </Filter>
    <Filter Include="addons\ofxHTTP\libs\ofxHTTP\include\ofx">
      <UniqueIdentifier>{37dfb7d3-4da4-4747-bac1-bd83eae0d7cb}</UniqueIdentifier>
    </Filter>
    <Filter Include="addons\ofxHTTP\libs\ofxHTTP\include\ofx\HTTP">
      <UniqueIdentifier>{de61824d-5888-4e06-9146-3857a433af81}</UniqueIdentifier>
    </Filter>
    <Filter Include="addons\ofxHTTP\libs\ofxHTTP\src">
      <UniqueIdentifier>{4aa3b575-5320-485c-b30f-ccfefa39c2e3}</UniqueIdentifier>
    </Filter>
    <Filter Include="addons\ofxIO">
      <UniqueIdentifier>{9bb1ccca-63f4-4e41-9aef-443616b4531b}</UniqueIdentifier>
    </Filter>
    <Filter Include="addons\ofxIO\src">
      <UniqueIdentifier>{5be96b10-32e2-45e0-802b-b0c337ab3585}</UniqueIdentifier>
    </Filter>
    <Filter Include="addons\ofxIO\libs">
      <UniqueIdentifier>{ee0f4084-9bfc-47a5-8775-335d1dbed7b8}</UniqueIdentifier>
    </Filter>
    <Filter Include="addons\ofxIO\libs\alphanum">
      <UniqueIdentifier>{1c7121f7-311c-4c16-9ebe-c60be9a009d8}</UniqueIdentifier>
    </Filter>
    <Filter Include="addons\ofxIO\libs\alphanum\include">
      <UniqueIdentifier>{ba3bd4d5-e804-4011-8997-111b2c7b0506}</UniqueIdentifier>
    </Filter>
    <Filter Include="addons\ofxIO\libs\lz4">
      <UniqueIdentifier>{40b088d3-5de3-40b5-bf08-bb93b8d3d688}</UniqueIdentifier>
    </Filter>
    <Filter Include="addons\ofxIO\libs\lz4\src">
      <UniqueIdentifier>{67992f94-b767-4fee-a75b-6aaa8677274c}</UniqueIdentifier>
    </Filter>
    <Filter Include="addons\ofxIO\libs\ofxIO">
      <UniqueIdentifier>{c3be4c9d-5f4c-4521-9b17-741d3d439a92}</UniqueIdentifier>
    </Filter>
    <Filter Include="addons\ofxIO\libs\ofxIO\include">
      <UniqueIdentifier>{b3b1ef5a-9b83-44f3-ae4f-2dbba1fa1ce7}</UniqueIdentifier>
    </Filter>
    <Filter Include="addons\ofxIO\libs\ofxIO\include\ofx">
      <UniqueIdentifier>{d46be7e3-3901-4541-b940-dfdf75e5320e}</UniqueIdentifier>
    </Filter>
    <Filter Include="addons\ofxIO\libs\ofxIO\include\ofx\IO">
      <UniqueIdentifier>{977fc33c-ab81-4e23-b28e-951571ccb6f7}</UniqueIdentifier>
    </Filter>
    <Filter Include="addons\ofxIO\libs\ofxIO\src">
      <UniqueIdentifier>{3e05e816-8484-4845-808b-10d9c933f503}</UniqueIdentifier>
    </Filter>
    <Filter Include="addons\ofxIO\libs\snappy">
      <UniqueIdentifier>{10e6a79f-2baa-44a5-9d65-049ddc05ad09}</UniqueIdentifier>
    </Filter>
    <Filter Include="addons\ofxIO\libs\snappy\src">
      <UniqueIdentifier>{d7f3785b-743a-42a5-85e0-18211c948243}</UniqueIdentifier>
    </Filter>
    <Filter Include="addons\ofxMediaType">
      <UniqueIdentifier>{da52f1d5-fb08-4f4f-b4d0-189e172fe550}</UniqueIdentifier>
    </Filter>
    <Filter Include="addons\ofxMediaType\src">
      <UniqueIdentifier>{c8a62359-7301-41c7-abc4-d89ae34d5a11}</UniqueIdentifier>
    </Filter>
    <Filter Include="addons\ofxMediaType\libs">
      <UniqueIdentifier>{27338d2b-a351-4a3c-b1c5-c7b7930cba40}</UniqueIdentifier>
    </Filter>
    <Filter Include="addons\ofxMediaType\libs\ofxMediaType">
      <UniqueIdentifier>{365f6446-f100-40b8-b919-b4e56990b8f0}</UniqueIdentifier>
    </Filter>
    <Filter Include="addons\ofxMediaType\libs\ofxMediaType\include">
      <UniqueIdentifier>{fabe41fe-75e7-42cd-8758-2416e8390d7a}</UniqueIdentifier>
    </Filter>
    <Filter Include="addons\ofxMediaType\libs\ofxMediaType\include\ofx">
      <UniqueIdentifier>{3ad14e38-2234-42ec-87e8-6b5fbb668673}</UniqueIdentifier>
    </Filter>
    <Filter Include="addons\ofxMediaType\libs\ofxMediaType\src">
      <UniqueIdentifier>{f9d07dbd-cc9d-4e65-b948-664c03b30f7b}</UniqueIdentifier>
    </Filter>
    <Filter Include="addons\ofxNetworkUtils">
      <UniqueIdentifier>{10b1a9fc-3870-4e69-a28b-f3b57576b26e}</UniqueIdentifier>
    </Filter>
    <Filter Include="addons\ofxNetworkUtils\src">
      <UniqueIdentifier>{b81e6ffa-9e22-4757-bdd1-bcdc61f35015}</UniqueIdentifier>
    </Filter>
    <Filter Include="addons\ofxNetworkUtils\libs">
      <UniqueIdentifier>{046e7495-0cb9-4ab5-bcfc-eb7de88a8ab3}</UniqueIdentifier>
    </Filter>
    <Filter Include="addons\ofxNetworkUtils\libs\ofxNetworkUtils">
      <UniqueIdentifier>{03e929b8-5e6b-4e2d-9ded-a95791cc64af}</UniqueIdentifier>
    </Filter>
    <Filter Include="addons\ofxNetworkUtils\libs\ofxNetworkUtils\include">
      <UniqueIdentifier>{df87a28a-4ff3-4304-9d37-591308f5e3cb}</UniqueIdentifier>
    </Filter>
    <Filter Include="addons\ofxNetworkUtils\libs\ofxNetworkUtils\include\ofx">
      <UniqueIdentifier>{2ac0705d-5e7e-481d-bb8e-c4bffa94e6fc}</UniqueIdentifier>
    </Filter>
    <Filter Include="addons\ofxNetworkUtils\libs\ofxNetworkUtils\include\ofx\Net">
      <UniqueIdentifier>{7e08c636-7344-4015-8c91-69fe844394ca}</UniqueIdentifier>
    </Filter>
    <Filter Include="addons\ofxNetworkUtils\libs\ofxNetworkUtils\src">
      <UniqueIdentifier>{04af8fe2-2f13-4a11-a2fa-267dcb1faf34}</UniqueIdentifier>
    </Filter>
    <Filter Include="addons\ofxSSLManager">
      <UniqueIdentifier>{557c9815-e41a-4543-9744-18477b08506a}</UniqueIdentifier>
    </Filter>
    <Filter Include="addons\ofxSSLManager\src">
      <UniqueIdentifier>{8a2be839-d8a9-46bb-b2e3-4da8689322db}</UniqueIdentifier>
    </Filter>
    <Filter Include="addons\ofxTaskQueue">
      <UniqueIdentifier>{cf712c71-0215-41cf-8d5e-d0c2073202db}</UniqueIdentifier>
    </Filter>
    <Filter Include="addons\ofxTaskQueue\src">
      <UniqueIdentifier>{61b11434-c84c-4f0b-b0e3-f63f5d9b0dc0}</UniqueIdentifier>
    </Filter>
    <Filter Include="addons\ofxTaskQueue\libs">
      <UniqueIdentifier>{d40a767f-1689-4b8c-a3d2-c9cc22475583}</UniqueIdentifier>
    </Filter>
    <Filter Include="addons\ofxTaskQueue\libs\ofxTaskQueue">
      <UniqueIdentifier>{fd10a060-3c30-40e1-b4f5-f4a38c66bc5e}</UniqueIdentifier>
    </Filter>
    <Filter Include="addons\ofxTaskQueue\libs\ofxTaskQueue\include">
      <UniqueIdentifier>{459cc0ea-6015-471a-9d62-0d4c353d14f7}</UniqueIdentifier>
    </Filter>
    <Filter Include="addons\ofxTaskQueue\libs\ofxTaskQueue\include\ofx">
      <UniqueIdentifier>{91a837c6-390b-4828-8157-840400d0934c}</UniqueIdentifier>
    </Filter>
  </ItemGroup>
  <ItemGroup>
    <ClInclude Include="src\ofApp.h">
      <Filter>src</Filter>
    </ClInclude>
    <ClInclude Include="..\..\..\addons\ofxGui\src\ofxBaseGui.h">
      <Filter>addons\ofxGui\src</Filter>
    </ClInclude>
    <ClInclude Include="..\..\..\addons\ofxGui\src\ofxButton.h">
      <Filter>addons\ofxGui\src</Filter>
    </ClInclude>
    <ClInclude Include="..\..\..\addons\ofxGui\src\ofxGui.h">
      <Filter>addons\ofxGui\src</Filter>
    </ClInclude>
    <ClInclude Include="..\..\..\addons\ofxGui\src\ofxGuiGroup.h">
      <Filter>addons\ofxGui\src</Filter>
    </ClInclude>
    <ClInclude Include="..\..\..\addons\ofxGui\src\ofxLabel.h">
      <Filter>addons\ofxGui\src</Filter>
    </ClInclude>
    <ClInclude Include="..\..\..\addons\ofxGui\src\ofxPanel.h">
      <Filter>addons\ofxGui\src</Filter>
    </ClInclude>
    <ClInclude Include="..\..\..\addons\ofxGui\src\ofxSlider.h">
      <Filter>addons\ofxGui\src</Filter>
    </ClInclude>
    <ClInclude Include="..\..\..\addons\ofxGui\src\ofxSliderGroup.h">
      <Filter>addons\ofxGui\src</Filter>
    </ClInclude>
    <ClInclude Include="..\..\..\addons\ofxGui\src\ofxToggle.h">
      <Filter>addons\ofxGui\src</Filter>
    </ClInclude>
    <ClInclude Include="..\..\..\addons\ofxOsc\src\ofxOsc.h">
      <Filter>addons\ofxOsc\src</Filter>
    </ClInclude>
    <ClInclude Include="..\..\..\addons\ofxOsc\src\ofxOscArg.h">
      <Filter>addons\ofxOsc\src</Filter>
    </ClInclude>
    <ClInclude Include="..\..\..\addons\ofxOsc\src\ofxOscBundle.h">
      <Filter>addons\ofxOsc\src</Filter>
    </ClInclude>
    <ClInclude Include="..\..\..\addons\ofxOsc\src\ofxOscMessage.h">
      <Filter>addons\ofxOsc\src</Filter>
    </ClInclude>
    <ClInclude Include="..\..\..\addons\ofxOsc\src\ofxOscParameterSync.h">
      <Filter>addons\ofxOsc\src</Filter>
    </ClInclude>
    <ClInclude Include="..\..\..\addons\ofxOsc\src\ofxOscReceiver.h">
      <Filter>addons\ofxOsc\src</Filter>
    </ClInclude>
    <ClInclude Include="..\..\..\addons\ofxOsc\src\ofxOscSender.h">
      <Filter>addons\ofxOsc\src</Filter>
    </ClInclude>
    <ClInclude Include="..\..\..\addons\ofxOsc\libs\oscpack\src\ip\IpEndpointName.h">
      <Filter>addons\ofxOsc\libs\oscpack\src\ip</Filter>
    </ClInclude>
    <ClInclude Include="..\..\..\addons\ofxOsc\libs\oscpack\src\ip\NetworkingUtils.h">
      <Filter>addons\ofxOsc\libs\oscpack\src\ip</Filter>
    </ClInclude>
    <ClInclude Include="..\..\..\addons\ofxOsc\libs\oscpack\src\ip\PacketListener.h">
      <Filter>addons\ofxOsc\libs\oscpack\src\ip</Filter>
    </ClInclude>
    <ClInclude Include="..\..\..\addons\ofxOsc\libs\oscpack\src\ip\TimerListener.h">
      <Filter>addons\ofxOsc\libs\oscpack\src\ip</Filter>
    </ClInclude>
    <ClInclude Include="..\..\..\addons\ofxOsc\libs\oscpack\src\ip\UdpSocket.h">
      <Filter>addons\ofxOsc\libs\oscpack\src\ip</Filter>
    </ClInclude>
    <ClInclude Include="..\..\..\addons\ofxOsc\libs\oscpack\src\osc\MessageMappingOscPacketListener.h">
      <Filter>addons\ofxOsc\libs\oscpack\src\osc</Filter>
    </ClInclude>
    <ClInclude Include="..\..\..\addons\ofxOsc\libs\oscpack\src\osc\OscException.h">
      <Filter>addons\ofxOsc\libs\oscpack\src\osc</Filter>
    </ClInclude>
    <ClInclude Include="..\..\..\addons\ofxOsc\libs\oscpack\src\osc\OscHostEndianness.h">
      <Filter>addons\ofxOsc\libs\oscpack\src\osc</Filter>
    </ClInclude>
    <ClInclude Include="..\..\..\addons\ofxOsc\libs\oscpack\src\osc\OscOutboundPacketStream.h">
      <Filter>addons\ofxOsc\libs\oscpack\src\osc</Filter>
    </ClInclude>
    <ClInclude Include="..\..\..\addons\ofxOsc\libs\oscpack\src\osc\OscPacketListener.h">
      <Filter>addons\ofxOsc\libs\oscpack\src\osc</Filter>
    </ClInclude>
    <ClInclude Include="..\..\..\addons\ofxOsc\libs\oscpack\src\osc\OscPrintReceivedElements.h">
      <Filter>addons\ofxOsc\libs\oscpack\src\osc</Filter>
    </ClInclude>
    <ClInclude Include="..\..\..\addons\ofxOsc\libs\oscpack\src\osc\OscReceivedElements.h">
      <Filter>addons\ofxOsc\libs\oscpack\src\osc</Filter>
    </ClInclude>
    <ClInclude Include="..\..\..\addons\ofxOsc\libs\oscpack\src\osc\OscTypes.h">
      <Filter>addons\ofxOsc\libs\oscpack\src\osc</Filter>
    </ClInclude>
    <ClInclude Include="src\Defaults.h">
      <Filter>src</Filter>
    </ClInclude>
    <ClInclude Include="src\PMMotionExtractor.hpp">
      <Filter>src</Filter>
    </ClInclude>
    <ClInclude Include="..\Shared\OSCSettings.h">
      <Filter>Shared</Filter>
    </ClInclude>
    <ClInclude Include="..\..\..\addons\ofxHTTP\src\ofxHTTP.h">
      <Filter>addons\ofxHTTP\src</Filter>
    </ClInclude>
    <ClInclude Include="..\..\..\addons\ofxHTTP\libs\ofxHTTP\include\ofx\HTTP\AbstractClientTypes.h">
      <Filter>addons\ofxHTTP\libs\ofxHTTP\include\ofx\HTTP</Filter>
    </ClInclude>
    <ClInclude Include="..\..\..\addons\ofxHTTP\libs\ofxHTTP\include\ofx\HTTP\AbstractServerTypes.h">
      <Filter>addons\ofxHTTP\libs\ofxHTTP\include\ofx\HTTP</Filter>
    </ClInclude>
    <ClInclude Include="..\..\..\addons\ofxHTTP\libs\ofxHTTP\include\ofx\HTTP\Authentication.h">
      <Filter>addons\ofxHTTP\libs\ofxHTTP\include\ofx\HTTP</Filter>
    </ClInclude>
    <ClInclude Include="..\..\..\addons\ofxHTTP\libs\ofxHTTP\include\ofx\HTTP\AuthScope.h">
      <Filter>addons\ofxHTTP\libs\ofxHTTP\include\ofx\HTTP</Filter>
    </ClInclude>
    <ClInclude Include="..\..\..\addons\ofxHTTP\libs\ofxHTTP\include\ofx\HTTP\BaseClient.h">
      <Filter>addons\ofxHTTP\libs\ofxHTTP\include\ofx\HTTP</Filter>
    </ClInclude>
    <ClInclude Include="..\..\..\addons\ofxHTTP\libs\ofxHTTP\include\ofx\HTTP\BaseRequest.h">
      <Filter>addons\ofxHTTP\libs\ofxHTTP\include\ofx\HTTP</Filter>
    </ClInclude>
    <ClInclude Include="..\..\..\addons\ofxHTTP\libs\ofxHTTP\include\ofx\HTTP\BaseResponse.h">
      <Filter>addons\ofxHTTP\libs\ofxHTTP\include\ofx\HTTP</Filter>
    </ClInclude>
    <ClInclude Include="..\..\..\addons\ofxHTTP\libs\ofxHTTP\include\ofx\HTTP\BaseRoute.h">
      <Filter>addons\ofxHTTP\libs\ofxHTTP\include\ofx\HTTP</Filter>
    </ClInclude>
    <ClInclude Include="..\..\..\addons\ofxHTTP\libs\ofxHTTP\include\ofx\HTTP\BaseServer.h">
      <Filter>addons\ofxHTTP\libs\ofxHTTP\include\ofx\HTTP</Filter>
    </ClInclude>
    <ClInclude Include="..\..\..\addons\ofxHTTP\libs\ofxHTTP\include\ofx\HTTP\ClientEvents.h">
      <Filter>addons\ofxHTTP\libs\ofxHTTP\include\ofx\HTTP</Filter>
    </ClInclude>
    <ClInclude Include="..\..\..\addons\ofxHTTP\libs\ofxHTTP\include\ofx\HTTP\ClientProgressStream.h">
      <Filter>addons\ofxHTTP\libs\ofxHTTP\include\ofx\HTTP</Filter>
    </ClInclude>
    <ClInclude Include="..\..\..\addons\ofxHTTP\libs\ofxHTTP\include\ofx\HTTP\ClientSessionSettings.h">
      <Filter>addons\ofxHTTP\libs\ofxHTTP\include\ofx\HTTP</Filter>
    </ClInclude>
    <ClInclude Include="..\..\..\addons\ofxHTTP\libs\ofxHTTP\include\ofx\HTTP\Context.h">
      <Filter>addons\ofxHTTP\libs\ofxHTTP\include\ofx\HTTP</Filter>
    </ClInclude>
    <ClInclude Include="..\..\..\addons\ofxHTTP\libs\ofxHTTP\include\ofx\HTTP\Cookie.h">
      <Filter>addons\ofxHTTP\libs\ofxHTTP\include\ofx\HTTP</Filter>
    </ClInclude>
    <ClInclude Include="..\..\..\addons\ofxHTTP\libs\ofxHTTP\include\ofx\HTTP\CookieStore.h">
      <Filter>addons\ofxHTTP\libs\ofxHTTP\include\ofx\HTTP</Filter>
    </ClInclude>
    <ClInclude Include="..\..\..\addons\ofxHTTP\libs\ofxHTTP\include\ofx\HTTP\CookieUtils.h">
      <Filter>addons\ofxHTTP\libs\ofxHTTP\include\ofx\HTTP</Filter>
    </ClInclude>
    <ClInclude Include="..\..\..\addons\ofxHTTP\libs\ofxHTTP\include\ofx\HTTP\Credentials.h">
      <Filter>addons\ofxHTTP\libs\ofxHTTP\include\ofx\HTTP</Filter>
    </ClInclude>
    <ClInclude Include="..\..\..\addons\ofxHTTP\libs\ofxHTTP\include\ofx\HTTP\CredentialStore.h">
      <Filter>addons\ofxHTTP\libs\ofxHTTP\include\ofx\HTTP</Filter>
    </ClInclude>
    <ClInclude Include="..\..\..\addons\ofxHTTP\libs\ofxHTTP\include\ofx\HTTP\DefaultClient.h">
      <Filter>addons\ofxHTTP\libs\ofxHTTP\include\ofx\HTTP</Filter>
    </ClInclude>
    <ClInclude Include="..\..\..\addons\ofxHTTP\libs\ofxHTTP\include\ofx\HTTP\DefaultClientHeaders.h">
      <Filter>addons\ofxHTTP\libs\ofxHTTP\include\ofx\HTTP</Filter>
    </ClInclude>
    <ClInclude Include="..\..\..\addons\ofxHTTP\libs\ofxHTTP\include\ofx\HTTP\DefaultClientSessionProvider.h">
      <Filter>addons\ofxHTTP\libs\ofxHTTP\include\ofx\HTTP</Filter>
    </ClInclude>
    <ClInclude Include="..\..\..\addons\ofxHTTP\libs\ofxHTTP\include\ofx\HTTP\DefaultClientTask.h">
      <Filter>addons\ofxHTTP\libs\ofxHTTP\include\ofx\HTTP</Filter>
    </ClInclude>
    <ClInclude Include="..\..\..\addons\ofxHTTP\libs\ofxHTTP\include\ofx\HTTP\DefaultClientTaskQueue.h">
      <Filter>addons\ofxHTTP\libs\ofxHTTP\include\ofx\HTTP</Filter>
    </ClInclude>
    <ClInclude Include="..\..\..\addons\ofxHTTP\libs\ofxHTTP\include\ofx\HTTP\DefaultCookieProcessor.h">
      <Filter>addons\ofxHTTP\libs\ofxHTTP\include\ofx\HTTP</Filter>
    </ClInclude>
    <ClInclude Include="..\..\..\addons\ofxHTTP\libs\ofxHTTP\include\ofx\HTTP\DefaultProxyProcessor.h">
      <Filter>addons\ofxHTTP\libs\ofxHTTP\include\ofx\HTTP</Filter>
    </ClInclude>
    <ClInclude Include="..\..\..\addons\ofxHTTP\libs\ofxHTTP\include\ofx\HTTP\DefaultRedirectProcessor.h">
      <Filter>addons\ofxHTTP\libs\ofxHTTP\include\ofx\HTTP</Filter>
    </ClInclude>
    <ClInclude Include="..\..\..\addons\ofxHTTP\libs\ofxHTTP\include\ofx\HTTP\DefaultResponseStreamFilter.h">
      <Filter>addons\ofxHTTP\libs\ofxHTTP\include\ofx\HTTP</Filter>
    </ClInclude>
    <ClInclude Include="..\..\..\addons\ofxHTTP\libs\ofxHTTP\include\ofx\HTTP\FileSystemRoute.h">
      <Filter>addons\ofxHTTP\libs\ofxHTTP\include\ofx\HTTP</Filter>
    </ClInclude>
    <ClInclude Include="..\..\..\addons\ofxHTTP\libs\ofxHTTP\include\ofx\HTTP\GetRequest.h">
      <Filter>addons\ofxHTTP\libs\ofxHTTP\include\ofx\HTTP</Filter>
    </ClInclude>
    <ClInclude Include="..\..\..\addons\ofxHTTP\libs\ofxHTTP\include\ofx\HTTP\HTTP.h">
      <Filter>addons\ofxHTTP\libs\ofxHTTP\include\ofx\HTTP</Filter>
    </ClInclude>
    <ClInclude Include="..\..\..\addons\ofxHTTP\libs\ofxHTTP\include\ofx\HTTP\HTTPUtils.h">
      <Filter>addons\ofxHTTP\libs\ofxHTTP\include\ofx\HTTP</Filter>
    </ClInclude>
    <ClInclude Include="..\..\..\addons\ofxHTTP\libs\ofxHTTP\include\ofx\HTTP\IPVideoFrame.h">
      <Filter>addons\ofxHTTP\libs\ofxHTTP\include\ofx\HTTP</Filter>
    </ClInclude>
    <ClInclude Include="..\..\..\addons\ofxHTTP\libs\ofxHTTP\include\ofx\HTTP\IPVideoRoute.h">
      <Filter>addons\ofxHTTP\libs\ofxHTTP\include\ofx\HTTP</Filter>
    </ClInclude>
    <ClInclude Include="..\..\..\addons\ofxHTTP\libs\ofxHTTP\include\ofx\HTTP\OAuth10Credentials.h">
      <Filter>addons\ofxHTTP\libs\ofxHTTP\include\ofx\HTTP</Filter>
    </ClInclude>
    <ClInclude Include="..\..\..\addons\ofxHTTP\libs\ofxHTTP\include\ofx\HTTP\OAuth10RequestFilter.h">
      <Filter>addons\ofxHTTP\libs\ofxHTTP\include\ofx\HTTP</Filter>
    </ClInclude>
    <ClInclude Include="..\..\..\addons\ofxHTTP\libs\ofxHTTP\include\ofx\HTTP\OAuth20Credentials.h">
      <Filter>addons\ofxHTTP\libs\ofxHTTP\include\ofx\HTTP</Filter>
    </ClInclude>
    <ClInclude Include="..\..\..\addons\ofxHTTP\libs\ofxHTTP\include\ofx\HTTP\PostRequest.h">
      <Filter>addons\ofxHTTP\libs\ofxHTTP\include\ofx\HTTP</Filter>
    </ClInclude>
    <ClInclude Include="..\..\..\addons\ofxHTTP\libs\ofxHTTP\include\ofx\HTTP\PostRoute.h">
      <Filter>addons\ofxHTTP\libs\ofxHTTP\include\ofx\HTTP</Filter>
    </ClInclude>
    <ClInclude Include="..\..\..\addons\ofxHTTP\libs\ofxHTTP\include\ofx\HTTP\PostRouteEvents.h">
      <Filter>addons\ofxHTTP\libs\ofxHTTP\include\ofx\HTTP</Filter>
    </ClInclude>
    <ClInclude Include="..\..\..\addons\ofxHTTP\libs\ofxHTTP\include\ofx\HTTP\ProgressMonitor.h">
      <Filter>addons\ofxHTTP\libs\ofxHTTP\include\ofx\HTTP</Filter>
    </ClInclude>
    <ClInclude Include="..\..\..\addons\ofxHTTP\libs\ofxHTTP\include\ofx\HTTP\ProxySettings.h">
      <Filter>addons\ofxHTTP\libs\ofxHTTP\include\ofx\HTTP</Filter>
    </ClInclude>
    <ClInclude Include="..\..\..\addons\ofxHTTP\libs\ofxHTTP\include\ofx\HTTP\PutRequest.h">
      <Filter>addons\ofxHTTP\libs\ofxHTTP\include\ofx\HTTP</Filter>
    </ClInclude>
    <ClInclude Include="..\..\..\addons\ofxHTTP\libs\ofxHTTP\include\ofx\HTTP\RequestHandlerAdapter.h">
      <Filter>addons\ofxHTTP\libs\ofxHTTP\include\ofx\HTTP</Filter>
    </ClInclude>
    <ClInclude Include="..\..\..\addons\ofxHTTP\libs\ofxHTTP\include\ofx\HTTP\ServerEvents.h">
      <Filter>addons\ofxHTTP\libs\ofxHTTP\include\ofx\HTTP</Filter>
    </ClInclude>
    <ClInclude Include="..\..\..\addons\ofxHTTP\libs\ofxHTTP\include\ofx\HTTP\Session.h">
      <Filter>addons\ofxHTTP\libs\ofxHTTP\include\ofx\HTTP</Filter>
    </ClInclude>
    <ClInclude Include="..\..\..\addons\ofxHTTP\libs\ofxHTTP\include\ofx\HTTP\SessionStore.h">
      <Filter>addons\ofxHTTP\libs\ofxHTTP\include\ofx\HTTP</Filter>
    </ClInclude>
    <ClInclude Include="..\..\..\addons\ofxHTTP\libs\ofxHTTP\include\ofx\HTTP\SimpleFileServer.h">
      <Filter>addons\ofxHTTP\libs\ofxHTTP\include\ofx\HTTP</Filter>
    </ClInclude>
    <ClInclude Include="..\..\..\addons\ofxHTTP\libs\ofxHTTP\include\ofx\HTTP\SimpleIPVideoServer.h">
      <Filter>addons\ofxHTTP\libs\ofxHTTP\include\ofx\HTTP</Filter>
    </ClInclude>
    <ClInclude Include="..\..\..\addons\ofxHTTP\libs\ofxHTTP\include\ofx\HTTP\SimplePostServer.h">
      <Filter>addons\ofxHTTP\libs\ofxHTTP\include\ofx\HTTP</Filter>
    </ClInclude>
    <ClInclude Include="..\..\..\addons\ofxHTTP\libs\ofxHTTP\include\ofx\HTTP\SimpleWebSocketServer.h">
      <Filter>addons\ofxHTTP\libs\ofxHTTP\include\ofx\HTTP</Filter>
    </ClInclude>
    <ClInclude Include="..\..\..\addons\ofxHTTP\libs\ofxHTTP\include\ofx\HTTP\ThreadErrorHandler.h">
      <Filter>addons\ofxHTTP\libs\ofxHTTP\include\ofx\HTTP</Filter>
    </ClInclude>
    <ClInclude Include="..\..\..\addons\ofxHTTP\libs\ofxHTTP\include\ofx\HTTP\ThreadSettings.h">
      <Filter>addons\ofxHTTP\libs\ofxHTTP\include\ofx\HTTP</Filter>
    </ClInclude>
    <ClInclude Include="..\..\..\addons\ofxHTTP\libs\ofxHTTP\include\ofx\HTTP\URIBuilder.h">
      <Filter>addons\ofxHTTP\libs\ofxHTTP\include\ofx\HTTP</Filter>
    </ClInclude>
    <ClInclude Include="..\..\..\addons\ofxHTTP\libs\ofxHTTP\include\ofx\HTTP\WebSocketConnection.h">
      <Filter>addons\ofxHTTP\libs\ofxHTTP\include\ofx\HTTP</Filter>
    </ClInclude>
    <ClInclude Include="..\..\..\addons\ofxHTTP\libs\ofxHTTP\include\ofx\HTTP\WebSocketEvents.h">
      <Filter>addons\ofxHTTP\libs\ofxHTTP\include\ofx\HTTP</Filter>
    </ClInclude>
    <ClInclude Include="..\..\..\addons\ofxHTTP\libs\ofxHTTP\include\ofx\HTTP\WebSocketExtensions.h">
      <Filter>addons\ofxHTTP\libs\ofxHTTP\include\ofx\HTTP</Filter>
    </ClInclude>
    <ClInclude Include="..\..\..\addons\ofxHTTP\libs\ofxHTTP\include\ofx\HTTP\WebSocketFrame.h">
      <Filter>addons\ofxHTTP\libs\ofxHTTP\include\ofx\HTTP</Filter>
    </ClInclude>
    <ClInclude Include="..\..\..\addons\ofxHTTP\libs\ofxHTTP\include\ofx\HTTP\WebSocketRoute.h">
      <Filter>addons\ofxHTTP\libs\ofxHTTP\include\ofx\HTTP</Filter>
    </ClInclude>
    <ClInclude Include="..\..\..\addons\ofxIO\src\ofxIO.h">
      <Filter>addons\ofxIO\src</Filter>
    </ClInclude>
    <ClInclude Include="..\..\..\addons\ofxIO\libs\alphanum\include\alphanum.hpp">
      <Filter>addons\ofxIO\libs\alphanum\include</Filter>
    </ClInclude>
    <ClInclude Include="..\..\..\addons\ofxIO\libs\lz4\src\lz4.h">
      <Filter>addons\ofxIO\libs\lz4\src</Filter>
    </ClInclude>
    <ClInclude Include="..\..\..\addons\ofxIO\libs\ofxIO\include\ofx\AbstractCache.h">
      <Filter>addons\ofxIO\libs\ofxIO\include\ofx</Filter>
    </ClInclude>
    <ClInclude Include="..\..\..\addons\ofxIO\libs\ofxIO\include\ofx\AccessExpireCache.h">
      <Filter>addons\ofxIO\libs\ofxIO\include\ofx</Filter>
    </ClInclude>
    <ClInclude Include="..\..\..\addons\ofxIO\libs\ofxIO\include\ofx\AccessExpireLRUCache.h">
      <Filter>addons\ofxIO\libs\ofxIO\include\ofx</Filter>
    </ClInclude>
    <ClInclude Include="..\..\..\addons\ofxIO\libs\ofxIO\include\ofx\DirectoryWatcher.h">
      <Filter>addons\ofxIO\libs\ofxIO\include\ofx</Filter>
    </ClInclude>
    <ClInclude Include="..\..\..\addons\ofxIO\libs\ofxIO\include\ofx\ExpireCache.h">
      <Filter>addons\ofxIO\libs\ofxIO\include\ofx</Filter>
    </ClInclude>
    <ClInclude Include="..\..\..\addons\ofxIO\libs\ofxIO\include\ofx\ExpireLRUCache.h">
      <Filter>addons\ofxIO\libs\ofxIO\include\ofx</Filter>
    </ClInclude>
    <ClInclude Include="..\..\..\addons\ofxIO\libs\ofxIO\include\ofx\LRUCache.h">
      <Filter>addons\ofxIO\libs\ofxIO\include\ofx</Filter>
    </ClInclude>
    <ClInclude Include="..\..\..\addons\ofxIO\libs\ofxIO\include\ofx\RecursiveDirectoryIterator.h">
      <Filter>addons\ofxIO\libs\ofxIO\include\ofx</Filter>
    </ClInclude>
    <ClInclude Include="..\..\..\addons\ofxIO\libs\ofxIO\include\ofx\RecursiveDirectoryIteratorImpl.h">
      <Filter>addons\ofxIO\libs\ofxIO\include\ofx</Filter>
    </ClInclude>
    <ClInclude Include="..\..\..\addons\ofxIO\libs\ofxIO\include\ofx\RecursiveDirectoryIteratorStategies.h">
      <Filter>addons\ofxIO\libs\ofxIO\include\ofx</Filter>
    </ClInclude>
    <ClInclude Include="..\..\..\addons\ofxIO\libs\ofxIO\include\ofx\UniqueAccessExpireCache.h">
      <Filter>addons\ofxIO\libs\ofxIO\include\ofx</Filter>
    </ClInclude>
    <ClInclude Include="..\..\..\addons\ofxIO\libs\ofxIO\include\ofx\UniqueAccessExpireLRUCache.h">
      <Filter>addons\ofxIO\libs\ofxIO\include\ofx</Filter>
    </ClInclude>
    <ClInclude Include="..\..\..\addons\ofxIO\libs\ofxIO\include\ofx\UniqueExpireCache.h">
      <Filter>addons\ofxIO\libs\ofxIO\include\ofx</Filter>
    </ClInclude>
    <ClInclude Include="..\..\..\addons\ofxIO\libs\ofxIO\include\ofx\UniqueExpireLRUCache.h">
      <Filter>addons\ofxIO\libs\ofxIO\include\ofx</Filter>
    </ClInclude>
    <ClInclude Include="..\..\..\addons\ofxIO\libs\ofxIO\include\ofx\IO\AbstractTypes.h">
      <Filter>addons\ofxIO\libs\ofxIO\include\ofx\IO</Filter>
    </ClInclude>
    <ClInclude Include="..\..\..\addons\ofxIO\libs\ofxIO\include\ofx\IO\Base64Encoding.h">
      <Filter>addons\ofxIO\libs\ofxIO\include\ofx\IO</Filter>
    </ClInclude>
    <ClInclude Include="..\..\..\addons\ofxIO\libs\ofxIO\include\ofx\IO\ByteBuffer.h">
      <Filter>addons\ofxIO\libs\ofxIO\include\ofx\IO</Filter>
    </ClInclude>
    <ClInclude Include="..\..\..\addons\ofxIO\libs\ofxIO\include\ofx\IO\ByteBufferReader.h">
      <Filter>addons\ofxIO\libs\ofxIO\include\ofx\IO</Filter>
    </ClInclude>
    <ClInclude Include="..\..\..\addons\ofxIO\libs\ofxIO\include\ofx\IO\ByteBufferStream.h">
      <Filter>addons\ofxIO\libs\ofxIO\include\ofx\IO</Filter>
    </ClInclude>
    <ClInclude Include="..\..\..\addons\ofxIO\libs\ofxIO\include\ofx\IO\ByteBufferUtils.h">
      <Filter>addons\ofxIO\libs\ofxIO\include\ofx\IO</Filter>
    </ClInclude>
    <ClInclude Include="..\..\..\addons\ofxIO\libs\ofxIO\include\ofx\IO\ByteBufferWriter.h">
      <Filter>addons\ofxIO\libs\ofxIO\include\ofx\IO</Filter>
    </ClInclude>
    <ClInclude Include="..\..\..\addons\ofxIO\libs\ofxIO\include\ofx\IO\COBSEncoding.h">
      <Filter>addons\ofxIO\libs\ofxIO\include\ofx\IO</Filter>
    </ClInclude>
    <ClInclude Include="..\..\..\addons\ofxIO\libs\ofxIO\include\ofx\IO\Compression.h">
      <Filter>addons\ofxIO\libs\ofxIO\include\ofx\IO</Filter>
    </ClInclude>
    <ClInclude Include="..\..\..\addons\ofxIO\libs\ofxIO\include\ofx\IO\DeviceFilter.h">
      <Filter>addons\ofxIO\libs\ofxIO\include\ofx\IO</Filter>
    </ClInclude>
    <ClInclude Include="..\..\..\addons\ofxIO\libs\ofxIO\include\ofx\IO\DirectoryFilter.h">
      <Filter>addons\ofxIO\libs\ofxIO\include\ofx\IO</Filter>
    </ClInclude>
    <ClInclude Include="..\..\..\addons\ofxIO\libs\ofxIO\include\ofx\IO\DirectoryUtils.h">
      <Filter>addons\ofxIO\libs\ofxIO\include\ofx\IO</Filter>
    </ClInclude>
    <ClInclude Include="..\..\..\addons\ofxIO\libs\ofxIO\include\ofx\IO\DirectoryWatcherManager.h">
      <Filter>addons\ofxIO\libs\ofxIO\include\ofx\IO</Filter>
    </ClInclude>
    <ClInclude Include="..\..\..\addons\ofxIO\libs\ofxIO\include\ofx\IO\FileExtensionFilter.h">
      <Filter>addons\ofxIO\libs\ofxIO\include\ofx\IO</Filter>
    </ClInclude>
    <ClInclude Include="..\..\..\addons\ofxIO\libs\ofxIO\include\ofx\IO\HexBinaryEncoding.h">
      <Filter>addons\ofxIO\libs\ofxIO\include\ofx\IO</Filter>
    </ClInclude>
    <ClInclude Include="..\..\..\addons\ofxIO\libs\ofxIO\include\ofx\IO\HiddenFileFilter.h">
      <Filter>addons\ofxIO\libs\ofxIO\include\ofx\IO</Filter>
    </ClInclude>
    <ClInclude Include="..\..\..\addons\ofxIO\libs\ofxIO\include\ofx\IO\LinkFilter.h">
      <Filter>addons\ofxIO\libs\ofxIO\include\ofx\IO</Filter>
    </ClInclude>
    <ClInclude Include="..\..\..\addons\ofxIO\libs\ofxIO\include\ofx\IO\PathFilterCollection.h">
      <Filter>addons\ofxIO\libs\ofxIO\include\ofx\IO</Filter>
    </ClInclude>
    <ClInclude Include="..\..\..\addons\ofxIO\libs\ofxIO\include\ofx\IO\RegexPathFilter.h">
      <Filter>addons\ofxIO\libs\ofxIO\include\ofx\IO</Filter>
    </ClInclude>
    <ClInclude Include="..\..\..\addons\ofxIO\libs\ofxIO\include\ofx\IO\SearchPath.h">
      <Filter>addons\ofxIO\libs\ofxIO\include\ofx\IO</Filter>
    </ClInclude>
    <ClInclude Include="..\..\..\addons\ofxIO\libs\ofxIO\include\ofx\IO\SLIPEncoding.h">
      <Filter>addons\ofxIO\libs\ofxIO\include\ofx\IO</Filter>
    </ClInclude>
    <ClInclude Include="..\..\..\addons\ofxIO\libs\snappy\src\snappy-internal.h">
      <Filter>addons\ofxIO\libs\snappy\src</Filter>
    </ClInclude>
    <ClInclude Include="..\..\..\addons\ofxIO\libs\snappy\src\snappy-sinksource.h">
      <Filter>addons\ofxIO\libs\snappy\src</Filter>
    </ClInclude>
    <ClInclude Include="..\..\..\addons\ofxIO\libs\snappy\src\snappy-stubs-internal.h">
      <Filter>addons\ofxIO\libs\snappy\src</Filter>
    </ClInclude>
    <ClInclude Include="..\..\..\addons\ofxIO\libs\snappy\src\snappy-stubs-public.h">
      <Filter>addons\ofxIO\libs\snappy\src</Filter>
    </ClInclude>
    <ClInclude Include="..\..\..\addons\ofxIO\libs\snappy\src\snappy.h">
      <Filter>addons\ofxIO\libs\snappy\src</Filter>
    </ClInclude>
    <ClInclude Include="..\..\..\addons\ofxMediaType\src\ofxMediaType.h">
      <Filter>addons\ofxMediaType\src</Filter>
    </ClInclude>
    <ClInclude Include="..\..\..\addons\ofxMediaType\libs\ofxMediaType\include\ofx\AbstractMediaTypeProvider.h">
      <Filter>addons\ofxMediaType\libs\ofxMediaType\include\ofx</Filter>
    </ClInclude>
    <ClInclude Include="..\..\..\addons\ofxMediaType\libs\ofxMediaType\include\ofx\MediaTypeMap.h">
      <Filter>addons\ofxMediaType\libs\ofxMediaType\include\ofx</Filter>
    </ClInclude>
    <ClInclude Include="..\..\..\addons\ofxNetworkUtils\src\ofxNetworkUtils.h">
      <Filter>addons\ofxNetworkUtils\src</Filter>
    </ClInclude>
    <ClInclude Include="..\..\..\addons\ofxNetworkUtils\libs\ofxNetworkUtils\include\ofx\Net\IPAddressRange.h">
      <Filter>addons\ofxNetworkUtils\libs\ofxNetworkUtils\include\ofx\Net</Filter>
    </ClInclude>
    <ClInclude Include="..\..\..\addons\ofxNetworkUtils\libs\ofxNetworkUtils\include\ofx\Net\NetworkInterfaceListener.h">
      <Filter>addons\ofxNetworkUtils\libs\ofxNetworkUtils\include\ofx\Net</Filter>
    </ClInclude>
    <ClInclude Include="..\..\..\addons\ofxNetworkUtils\libs\ofxNetworkUtils\include\ofx\Net\NetworkUtils.h">
      <Filter>addons\ofxNetworkUtils\libs\ofxNetworkUtils\include\ofx\Net</Filter>
    </ClInclude>
    <ClInclude Include="..\..\..\addons\ofxSSLManager\src\ofSSLManager.h">
      <Filter>addons\ofxSSLManager\src</Filter>
    </ClInclude>
    <ClInclude Include="..\..\..\addons\ofxTaskQueue\src\ofxTaskQueue.h">
      <Filter>addons\ofxTaskQueue\src</Filter>
    </ClInclude>
    <ClInclude Include="..\..\..\addons\ofxTaskQueue\libs\ofxTaskQueue\include\ofx\TaskQueue.h">
      <Filter>addons\ofxTaskQueue\libs\ofxTaskQueue\include\ofx</Filter>
    </ClInclude>
    <ClInclude Include="..\..\..\addons\ofxTaskQueue\libs\ofxTaskQueue\include\ofx\TaskQueueEvents.h">
      <Filter>addons\ofxTaskQueue\libs\ofxTaskQueue\include\ofx</Filter>
    </ClInclude>
  </ItemGroup>
  <ItemGroup>
    <ResourceCompile Include="icon.rc" />
  </ItemGroup>
</Project>